// !$*UTF8*$!
{
	archiveVersion = 1;
	classes = {
	};
	objectVersion = 50;
	objects = {

/* Begin PBXAggregateTarget section */
		916F239B22672DF80078E83C /* SBStoreKit Library */ = {
			isa = PBXAggregateTarget;
			buildConfigurationList = 916F239C22672DF80078E83C /* Build configuration list for PBXAggregateTarget "SBStoreKit Library" */;
			buildPhases = (
				916F239F22673ED90078E83C /* Run Script */,
			);
			dependencies = (
			);
			name = "SBStoreKit Library";
			productName = "SBStoreKit Dynamic Library";
		};
/* End PBXAggregateTarget section */

/* Begin PBXBuildFile section */
		9110965C2248E36100866C60 /* DataManager.h in Headers */ = {isa = PBXBuildFile; fileRef = 9110965A2248E36000866C60 /* DataManager.h */; };
		9110965D2248E36100866C60 /* DataManager.m in Sources */ = {isa = PBXBuildFile; fileRef = 9110965B2248E36000866C60 /* DataManager.m */; };
		9110966022492CB400866C60 /* InvoiceViewController.h in Headers */ = {isa = PBXBuildFile; fileRef = 9110965E22492CB400866C60 /* InvoiceViewController.h */; };
		9110966122492CB400866C60 /* InvoiceViewController.m in Sources */ = {isa = PBXBuildFile; fileRef = 9110965F22492CB400866C60 /* InvoiceViewController.m */; };
		917A6B1F22117BEE00BE26B0 /* SBStoreKit.m in Sources */ = {isa = PBXBuildFile; fileRef = 917A6B1E22117BEE00BE26B0 /* SBStoreKit.m */; };
		9188A41C22181FE6008CCCB7 /* Assets.xcassets in Resources */ = {isa = PBXBuildFile; fileRef = 9188A41B22181FE6008CCCB7 /* Assets.xcassets */; };
		9188A420221C2085008CCCB7 /* Storyboard.storyboard in Resources */ = {isa = PBXBuildFile; fileRef = 9188A41F221C2085008CCCB7 /* Storyboard.storyboard */; };
		9188A424221C2D2D008CCCB7 /* PhoneGettingViewController.h in Headers */ = {isa = PBXBuildFile; fileRef = 9188A422221C2D2D008CCCB7 /* PhoneGettingViewController.h */; };
		9188A425221C2D2D008CCCB7 /* PhoneGettingViewController.m in Sources */ = {isa = PBXBuildFile; fileRef = 9188A423221C2D2D008CCCB7 /* PhoneGettingViewController.m */; };
		9188A42F221C590E008CCCB7 /* FilledButton.h in Headers */ = {isa = PBXBuildFile; fileRef = 9188A42D221C590E008CCCB7 /* FilledButton.h */; };
		9188A430221C590E008CCCB7 /* FilledButton.m in Sources */ = {isa = PBXBuildFile; fileRef = 9188A42E221C590E008CCCB7 /* FilledButton.m */; };
		9188A438221D32DB008CCCB7 /* NetworkManager.h in Headers */ = {isa = PBXBuildFile; fileRef = 9188A436221D32DB008CCCB7 /* NetworkManager.h */; };
		9188A439221D32DB008CCCB7 /* NetworkManager.m in Sources */ = {isa = PBXBuildFile; fileRef = 9188A437221D32DB008CCCB7 /* NetworkManager.m */; };
		9188A43C221D33BD008CCCB7 /* SibcheHelper.h in Headers */ = {isa = PBXBuildFile; fileRef = 9188A43A221D33BD008CCCB7 /* SibcheHelper.h */; };
		9188A43D221D33BD008CCCB7 /* SibcheHelper.m in Sources */ = {isa = PBXBuildFile; fileRef = 9188A43B221D33BD008CCCB7 /* SibcheHelper.m */; };
		918EFD44220ED4E90087435B /* SBStoreKit.h in Headers */ = {isa = PBXBuildFile; fileRef = 918EFD42220ED4E90087435B /* SBStoreKit.h */; settings = {ATTRIBUTES = (Public, ); }; };
		9190C02722784072007D6A09 /* TopRoundedView.h in Headers */ = {isa = PBXBuildFile; fileRef = 9190C02522784072007D6A09 /* TopRoundedView.h */; };
		9190C02822784072007D6A09 /* TopRoundedView.m in Sources */ = {isa = PBXBuildFile; fileRef = 9190C02622784072007D6A09 /* TopRoundedView.m */; };
		9190C02B227856D7007D6A09 /* SBKeyboardManager.h in Headers */ = {isa = PBXBuildFile; fileRef = 9190C029227856D7007D6A09 /* SBKeyboardManager.h */; };
		9190C02C227856D7007D6A09 /* SBKeyboardManager.m in Sources */ = {isa = PBXBuildFile; fileRef = 9190C02A227856D7007D6A09 /* SBKeyboardManager.m */; };
		91A9E29E22620A36005CD5F0 /* SBPackage.h in Headers */ = {isa = PBXBuildFile; fileRef = 91A9E29C22620A36005CD5F0 /* SBPackage.h */; settings = {ATTRIBUTES = (Public, ); }; };
		91A9E29F22620A36005CD5F0 /* SBPackage.m in Sources */ = {isa = PBXBuildFile; fileRef = 91A9E29D22620A36005CD5F0 /* SBPackage.m */; };
		91A9E2A222620A4D005CD5F0 /* SBConsumablePackage.h in Headers */ = {isa = PBXBuildFile; fileRef = 91A9E2A022620A4D005CD5F0 /* SBConsumablePackage.h */; settings = {ATTRIBUTES = (Public, ); }; };
		91A9E2A322620A4D005CD5F0 /* SBConsumablePackage.m in Sources */ = {isa = PBXBuildFile; fileRef = 91A9E2A122620A4D005CD5F0 /* SBConsumablePackage.m */; };
		91A9E2A622620A5D005CD5F0 /* SBNonConsumablePackage.h in Headers */ = {isa = PBXBuildFile; fileRef = 91A9E2A422620A5D005CD5F0 /* SBNonConsumablePackage.h */; settings = {ATTRIBUTES = (Public, ); }; };
		91A9E2A722620A5D005CD5F0 /* SBNonConsumablePackage.m in Sources */ = {isa = PBXBuildFile; fileRef = 91A9E2A522620A5D005CD5F0 /* SBNonConsumablePackage.m */; };
		91A9E2AA22620A76005CD5F0 /* SBSubscriptionPackage.h in Headers */ = {isa = PBXBuildFile; fileRef = 91A9E2A822620A76005CD5F0 /* SBSubscriptionPackage.h */; settings = {ATTRIBUTES = (Public, ); }; };
		91A9E2AB22620A76005CD5F0 /* SBSubscriptionPackage.m in Sources */ = {isa = PBXBuildFile; fileRef = 91A9E2A922620A76005CD5F0 /* SBSubscriptionPackage.m */; };
		91A9E2AE22620A94005CD5F0 /* SBPurchasePackage.h in Headers */ = {isa = PBXBuildFile; fileRef = 91A9E2AC22620A94005CD5F0 /* SBPurchasePackage.h */; settings = {ATTRIBUTES = (Public, ); }; };
		91A9E2AF22620A94005CD5F0 /* SBPurchasePackage.m in Sources */ = {isa = PBXBuildFile; fileRef = 91A9E2AD22620A94005CD5F0 /* SBPurchasePackage.m */; };
		91A9E2B322635A98005CD5F0 /* SBPackageFactory.h in Headers */ = {isa = PBXBuildFile; fileRef = 91A9E2B122635A98005CD5F0 /* SBPackageFactory.h */; };
		91A9E2B422635A98005CD5F0 /* SBPackageFactory.m in Sources */ = {isa = PBXBuildFile; fileRef = 91A9E2B222635A98005CD5F0 /* SBPackageFactory.m */; };
		91B45ADF227E0E47005A8B1F /* SBActivityIndicatorView.m in Sources */ = {isa = PBXBuildFile; fileRef = 91B45A97227E0E47005A8B1F /* SBActivityIndicatorView.m */; };
		91B45AE0227E0E47005A8B1F /* SBActivityIndicatorView.h in Headers */ = {isa = PBXBuildFile; fileRef = 91B45A98227E0E47005A8B1F /* SBActivityIndicatorView.h */; };
		91B45B25227E0E47005A8B1F /* SBActivityIndicatorAnimationProtocol.h in Headers */ = {isa = PBXBuildFile; fileRef = 91B45ADE227E0E47005A8B1F /* SBActivityIndicatorAnimationProtocol.h */; };
		91B45B28227E1129005A8B1F /* CustomActivityIndicator.h in Headers */ = {isa = PBXBuildFile; fileRef = 91B45B26227E1129005A8B1F /* CustomActivityIndicator.h */; };
		91B45B29227E1129005A8B1F /* CustomActivityIndicator.m in Sources */ = {isa = PBXBuildFile; fileRef = 91B45B27227E1129005A8B1F /* CustomActivityIndicator.m */; };
		91B45B6F227ECE37005A8B1F /* SBActivityIndicatorBallBeatAnimation.h in Headers */ = {isa = PBXBuildFile; fileRef = 91B45B2B227ECE36005A8B1F /* SBActivityIndicatorBallBeatAnimation.h */; };
		91B45B70227ECE37005A8B1F /* SBActivityIndicatorTriangleSkewSpinAnimation.m in Sources */ = {isa = PBXBuildFile; fileRef = 91B45B2C227ECE36005A8B1F /* SBActivityIndicatorTriangleSkewSpinAnimation.m */; };
		91B45B71227ECE37005A8B1F /* SBActivityIndicatorBallClipRotateMultipleAnimation.m in Sources */ = {isa = PBXBuildFile; fileRef = 91B45B2D227ECE36005A8B1F /* SBActivityIndicatorBallClipRotateMultipleAnimation.m */; };
		91B45B72227ECE37005A8B1F /* SBActivityIndicatorBallClipRotatePulseAnimation.h in Headers */ = {isa = PBXBuildFile; fileRef = 91B45B2E227ECE36005A8B1F /* SBActivityIndicatorBallClipRotatePulseAnimation.h */; };
		91B45B73227ECE37005A8B1F /* SBActivityIndicatorBallZigZagDeflectAnimation.h in Headers */ = {isa = PBXBuildFile; fileRef = 91B45B2F227ECE36005A8B1F /* SBActivityIndicatorBallZigZagDeflectAnimation.h */; };
		91B45B74227ECE37005A8B1F /* SBActivityIndicatorBallScaleMultipleAnimation.m in Sources */ = {isa = PBXBuildFile; fileRef = 91B45B30227ECE36005A8B1F /* SBActivityIndicatorBallScaleMultipleAnimation.m */; };
		91B45B75227ECE37005A8B1F /* SBActivityIndicatorThreeDotsAnimation.m in Sources */ = {isa = PBXBuildFile; fileRef = 91B45B31227ECE36005A8B1F /* SBActivityIndicatorThreeDotsAnimation.m */; };
		91B45B76227ECE37005A8B1F /* SBActivityIndicatorBallSpinFadeLoader.h in Headers */ = {isa = PBXBuildFile; fileRef = 91B45B32227ECE36005A8B1F /* SBActivityIndicatorBallSpinFadeLoader.h */; };
		91B45B77227ECE37005A8B1F /* SBActivityIndicatorTwoDotsAnimation.m in Sources */ = {isa = PBXBuildFile; fileRef = 91B45B33227ECE36005A8B1F /* SBActivityIndicatorTwoDotsAnimation.m */; };
		91B45B78227ECE37005A8B1F /* SBActivityIndicatorBallTrianglePathAnimation.h in Headers */ = {isa = PBXBuildFile; fileRef = 91B45B34227ECE36005A8B1F /* SBActivityIndicatorBallTrianglePathAnimation.h */; };
		91B45B79227ECE37005A8B1F /* SBActivityIndicatorDoubleBounceAnimation.h in Headers */ = {isa = PBXBuildFile; fileRef = 91B45B35227ECE36005A8B1F /* SBActivityIndicatorDoubleBounceAnimation.h */; };
		91B45B7A227ECE37005A8B1F /* SBActivityIndicatorLineScalePulseOutAnimation.m in Sources */ = {isa = PBXBuildFile; fileRef = 91B45B36227ECE36005A8B1F /* SBActivityIndicatorLineScalePulseOutAnimation.m */; };
		91B45B7B227ECE37005A8B1F /* SBActivityIndicatorBallScaleRippleAnimation.h in Headers */ = {isa = PBXBuildFile; fileRef = 91B45B37227ECE36005A8B1F /* SBActivityIndicatorBallScaleRippleAnimation.h */; };
		91B45B7C227ECE37005A8B1F /* SBActivityIndicatorLineScalePartyAnimation.h in Headers */ = {isa = PBXBuildFile; fileRef = 91B45B38227ECE36005A8B1F /* SBActivityIndicatorLineScalePartyAnimation.h */; };
		91B45B7D227ECE37005A8B1F /* SBActivityIndicatorRotatingTrigonAnimation.m in Sources */ = {isa = PBXBuildFile; fileRef = 91B45B39227ECE36005A8B1F /* SBActivityIndicatorRotatingTrigonAnimation.m */; };
		91B45B7E227ECE37005A8B1F /* SBActivityIndicatorBallScaleRippleMultipleAnimation.m in Sources */ = {isa = PBXBuildFile; fileRef = 91B45B3A227ECE36005A8B1F /* SBActivityIndicatorBallScaleRippleMultipleAnimation.m */; };
		91B45B7F227ECE37005A8B1F /* SBActivityIndicatorBallPulseAnimation.h in Headers */ = {isa = PBXBuildFile; fileRef = 91B45B3B227ECE36005A8B1F /* SBActivityIndicatorBallPulseAnimation.h */; };
		91B45B80227ECE37005A8B1F /* SBActivityIndicatorTripleRingsAnimation.m in Sources */ = {isa = PBXBuildFile; fileRef = 91B45B3C227ECE36005A8B1F /* SBActivityIndicatorTripleRingsAnimation.m */; };
		91B45B81227ECE37005A8B1F /* SBActivityIndicatorBallClipRotateAnimation.m in Sources */ = {isa = PBXBuildFile; fileRef = 91B45B3D227ECE36005A8B1F /* SBActivityIndicatorBallClipRotateAnimation.m */; };
		91B45B82227ECE37005A8B1F /* SBActivityIndicatorBallGridBeatAnimation.m in Sources */ = {isa = PBXBuildFile; fileRef = 91B45B3E227ECE36005A8B1F /* SBActivityIndicatorBallGridBeatAnimation.m */; };
		91B45B83227ECE37005A8B1F /* SBActivityIndicatorRotatingSquaresAnimation.h in Headers */ = {isa = PBXBuildFile; fileRef = 91B45B3F227ECE36005A8B1F /* SBActivityIndicatorRotatingSquaresAnimation.h */; };
		91B45B84227ECE37005A8B1F /* SBActivityIndicatorBallScaleAnimation.h in Headers */ = {isa = PBXBuildFile; fileRef = 91B45B40227ECE36005A8B1F /* SBActivityIndicatorBallScaleAnimation.h */; };
		91B45B85227ECE37005A8B1F /* SBActivityIndicatorBallRotateAnimation.m in Sources */ = {isa = PBXBuildFile; fileRef = 91B45B41227ECE36005A8B1F /* SBActivityIndicatorBallRotateAnimation.m */; };
		91B45B86227ECE37005A8B1F /* SBActivityIndicatorFiveDotsAnimation.h in Headers */ = {isa = PBXBuildFile; fileRef = 91B45B42227ECE36005A8B1F /* SBActivityIndicatorFiveDotsAnimation.h */; };
		91B45B87227ECE37005A8B1F /* SBActivityIndicatorBallGridPulseAnimation.m in Sources */ = {isa = PBXBuildFile; fileRef = 91B45B43227ECE36005A8B1F /* SBActivityIndicatorBallGridPulseAnimation.m */; };
		91B45B88227ECE37005A8B1F /* SBActivityIndicatorRotatingSandglassAnimation.h in Headers */ = {isa = PBXBuildFile; fileRef = 91B45B44227ECE36005A8B1F /* SBActivityIndicatorRotatingSandglassAnimation.h */; };
		91B45B89227ECE37005A8B1F /* SBActivityIndicatorNineDotsAnimation.h in Headers */ = {isa = PBXBuildFile; fileRef = 91B45B45227ECE36005A8B1F /* SBActivityIndicatorNineDotsAnimation.h */; };
		91B45B8A227ECE37005A8B1F /* SBActivityIndicatorBallZigZagAnimation.m in Sources */ = {isa = PBXBuildFile; fileRef = 91B45B46227ECE36005A8B1F /* SBActivityIndicatorBallZigZagAnimation.m */; };
		91B45B8B227ECE37005A8B1F /* SBActivityIndicatorLineScaleAnimation.h in Headers */ = {isa = PBXBuildFile; fileRef = 91B45B47227ECE36005A8B1F /* SBActivityIndicatorLineScaleAnimation.h */; };
		91B45B8C227ECE37005A8B1F /* SBActivityIndicatorCookieTerminatorAnimation.m in Sources */ = {isa = PBXBuildFile; fileRef = 91B45B48227ECE36005A8B1F /* SBActivityIndicatorCookieTerminatorAnimation.m */; };
		91B45B8D227ECE37005A8B1F /* SBActivityIndicatorAnimation.m in Sources */ = {isa = PBXBuildFile; fileRef = 91B45B49227ECE37005A8B1F /* SBActivityIndicatorAnimation.m */; };
		91B45B8E227ECE37005A8B1F /* SBActivityIndicatorTriplePulseAnimation.m in Sources */ = {isa = PBXBuildFile; fileRef = 91B45B4A227ECE37005A8B1F /* SBActivityIndicatorTriplePulseAnimation.m */; };
		91B45B8F227ECE37005A8B1F /* SBActivityIndicatorBallPulseSyncAnimation.h in Headers */ = {isa = PBXBuildFile; fileRef = 91B45B4B227ECE37005A8B1F /* SBActivityIndicatorBallPulseSyncAnimation.h */; };
		91B45B90227ECE37005A8B1F /* SBActivityIndicatorLineScalePulseOutRapidAnimation.m in Sources */ = {isa = PBXBuildFile; fileRef = 91B45B4C227ECE37005A8B1F /* SBActivityIndicatorLineScalePulseOutRapidAnimation.m */; };
		91B45B91227ECE37005A8B1F /* SBActivityIndicatorThreeDotsAnimation.h in Headers */ = {isa = PBXBuildFile; fileRef = 91B45B4D227ECE37005A8B1F /* SBActivityIndicatorThreeDotsAnimation.h */; };
		91B45B92227ECE37005A8B1F /* SBActivityIndicatorBallScaleMultipleAnimation.h in Headers */ = {isa = PBXBuildFile; fileRef = 91B45B4E227ECE37005A8B1F /* SBActivityIndicatorBallScaleMultipleAnimation.h */; };
		91B45B93227ECE37005A8B1F /* SBActivityIndicatorBallZigZagDeflectAnimation.m in Sources */ = {isa = PBXBuildFile; fileRef = 91B45B4F227ECE37005A8B1F /* SBActivityIndicatorBallZigZagDeflectAnimation.m */; };
		91B45B94227ECE37005A8B1F /* SBActivityIndicatorBallClipRotatePulseAnimation.m in Sources */ = {isa = PBXBuildFile; fileRef = 91B45B50227ECE37005A8B1F /* SBActivityIndicatorBallClipRotatePulseAnimation.m */; };
		91B45B95227ECE37005A8B1F /* SBActivityIndicatorTriangleSkewSpinAnimation.h in Headers */ = {isa = PBXBuildFile; fileRef = 91B45B51227ECE37005A8B1F /* SBActivityIndicatorTriangleSkewSpinAnimation.h */; };
		91B45B96227ECE37005A8B1F /* SBActivityIndicatorBallClipRotateMultipleAnimation.h in Headers */ = {isa = PBXBuildFile; fileRef = 91B45B52227ECE37005A8B1F /* SBActivityIndicatorBallClipRotateMultipleAnimation.h */; };
		91B45B97227ECE37005A8B1F /* SBActivityIndicatorBallBeatAnimation.m in Sources */ = {isa = PBXBuildFile; fileRef = 91B45B53227ECE37005A8B1F /* SBActivityIndicatorBallBeatAnimation.m */; };
		91B45B98227ECE37005A8B1F /* SBActivityIndicatorLineScalePulseOutAnimation.h in Headers */ = {isa = PBXBuildFile; fileRef = 91B45B54227ECE37005A8B1F /* SBActivityIndicatorLineScalePulseOutAnimation.h */; };
		91B45B99227ECE37005A8B1F /* SBActivityIndicatorBallTrianglePathAnimation.m in Sources */ = {isa = PBXBuildFile; fileRef = 91B45B55227ECE37005A8B1F /* SBActivityIndicatorBallTrianglePathAnimation.m */; };
		91B45B9A227ECE37005A8B1F /* SBActivityIndicatorDoubleBounceAnimation.m in Sources */ = {isa = PBXBuildFile; fileRef = 91B45B56227ECE37005A8B1F /* SBActivityIndicatorDoubleBounceAnimation.m */; };
		91B45B9B227ECE37005A8B1F /* SBActivityIndicatorTwoDotsAnimation.h in Headers */ = {isa = PBXBuildFile; fileRef = 91B45B57227ECE37005A8B1F /* SBActivityIndicatorTwoDotsAnimation.h */; };
		91B45B9C227ECE37005A8B1F /* SBActivityIndicatorBallSpinFadeLoader.m in Sources */ = {isa = PBXBuildFile; fileRef = 91B45B58227ECE37005A8B1F /* SBActivityIndicatorBallSpinFadeLoader.m */; };
		91B45B9D227ECE37005A8B1F /* SBActivityIndicatorBallScaleAnimation.m in Sources */ = {isa = PBXBuildFile; fileRef = 91B45B59227ECE37005A8B1F /* SBActivityIndicatorBallScaleAnimation.m */; };
		91B45B9E227ECE37005A8B1F /* SBActivityIndicatorBallRotateAnimation.h in Headers */ = {isa = PBXBuildFile; fileRef = 91B45B5A227ECE37005A8B1F /* SBActivityIndicatorBallRotateAnimation.h */; };
		91B45B9F227ECE37005A8B1F /* SBActivityIndicatorRotatingSquaresAnimation.m in Sources */ = {isa = PBXBuildFile; fileRef = 91B45B5B227ECE37005A8B1F /* SBActivityIndicatorRotatingSquaresAnimation.m */; };
		91B45BA0227ECE37005A8B1F /* SBActivityIndicatorBallGridBeatAnimation.h in Headers */ = {isa = PBXBuildFile; fileRef = 91B45B5C227ECE37005A8B1F /* SBActivityIndicatorBallGridBeatAnimation.h */; };
		91B45BA1227ECE37005A8B1F /* SBActivityIndicatorBallClipRotateAnimation.h in Headers */ = {isa = PBXBuildFile; fileRef = 91B45B5D227ECE37005A8B1F /* SBActivityIndicatorBallClipRotateAnimation.h */; };
		91B45BA2227ECE37005A8B1F /* SBActivityIndicatorBallPulseAnimation.m in Sources */ = {isa = PBXBuildFile; fileRef = 91B45B5E227ECE37005A8B1F /* SBActivityIndicatorBallPulseAnimation.m */; };
		91B45BA3227ECE37005A8B1F /* SBActivityIndicatorTripleRingsAnimation.h in Headers */ = {isa = PBXBuildFile; fileRef = 91B45B5F227ECE37005A8B1F /* SBActivityIndicatorTripleRingsAnimation.h */; };
		91B45BA4227ECE37005A8B1F /* SBActivityIndicatorRotatingTrigonAnimation.h in Headers */ = {isa = PBXBuildFile; fileRef = 91B45B60227ECE37005A8B1F /* SBActivityIndicatorRotatingTrigonAnimation.h */; };
		91B45BA5227ECE37005A8B1F /* SBActivityIndicatorBallScaleRippleMultipleAnimation.h in Headers */ = {isa = PBXBuildFile; fileRef = 91B45B61227ECE37005A8B1F /* SBActivityIndicatorBallScaleRippleMultipleAnimation.h */; };
		91B45BA6227ECE37005A8B1F /* SBActivityIndicatorLineScalePartyAnimation.m in Sources */ = {isa = PBXBuildFile; fileRef = 91B45B62227ECE37005A8B1F /* SBActivityIndicatorLineScalePartyAnimation.m */; };
		91B45BA7227ECE37005A8B1F /* SBActivityIndicatorBallScaleRippleAnimation.m in Sources */ = {isa = PBXBuildFile; fileRef = 91B45B63227ECE37005A8B1F /* SBActivityIndicatorBallScaleRippleAnimation.m */; };
		91B45BA8227ECE37005A8B1F /* SBActivityIndicatorLineScalePulseOutRapidAnimation.h in Headers */ = {isa = PBXBuildFile; fileRef = 91B45B64227ECE37005A8B1F /* SBActivityIndicatorLineScalePulseOutRapidAnimation.h */; };
		91B45BA9227ECE37005A8B1F /* SBActivityIndicatorTriplePulseAnimation.h in Headers */ = {isa = PBXBuildFile; fileRef = 91B45B65227ECE37005A8B1F /* SBActivityIndicatorTriplePulseAnimation.h */; };
		91B45BAA227ECE37005A8B1F /* SBActivityIndicatorBallPulseSyncAnimation.m in Sources */ = {isa = PBXBuildFile; fileRef = 91B45B66227ECE37005A8B1F /* SBActivityIndicatorBallPulseSyncAnimation.m */; };
		91B45BAB227ECE37005A8B1F /* SBActivityIndicatorAnimation.h in Headers */ = {isa = PBXBuildFile; fileRef = 91B45B67227ECE37005A8B1F /* SBActivityIndicatorAnimation.h */; };
		91B45BAC227ECE37005A8B1F /* SBActivityIndicatorCookieTerminatorAnimation.h in Headers */ = {isa = PBXBuildFile; fileRef = 91B45B68227ECE37005A8B1F /* SBActivityIndicatorCookieTerminatorAnimation.h */; };
		91B45BAD227ECE37005A8B1F /* SBActivityIndicatorLineScaleAnimation.m in Sources */ = {isa = PBXBuildFile; fileRef = 91B45B69227ECE37005A8B1F /* SBActivityIndicatorLineScaleAnimation.m */; };
		91B45BAE227ECE37005A8B1F /* SBActivityIndicatorNineDotsAnimation.m in Sources */ = {isa = PBXBuildFile; fileRef = 91B45B6A227ECE37005A8B1F /* SBActivityIndicatorNineDotsAnimation.m */; };
		91B45BAF227ECE37005A8B1F /* SBActivityIndicatorBallZigZagAnimation.h in Headers */ = {isa = PBXBuildFile; fileRef = 91B45B6B227ECE37005A8B1F /* SBActivityIndicatorBallZigZagAnimation.h */; };
		91B45BB0227ECE37005A8B1F /* SBActivityIndicatorRotatingSandglassAnimation.m in Sources */ = {isa = PBXBuildFile; fileRef = 91B45B6C227ECE37005A8B1F /* SBActivityIndicatorRotatingSandglassAnimation.m */; };
		91B45BB1227ECE37005A8B1F /* SBActivityIndicatorBallGridPulseAnimation.h in Headers */ = {isa = PBXBuildFile; fileRef = 91B45B6D227ECE37005A8B1F /* SBActivityIndicatorBallGridPulseAnimation.h */; };
		91B45BB2227ECE37005A8B1F /* SBActivityIndicatorFiveDotsAnimation.m in Sources */ = {isa = PBXBuildFile; fileRef = 91B45B6E227ECE37005A8B1F /* SBActivityIndicatorFiveDotsAnimation.m */; };
		91E2F82E22215D4500412F9F /* PhoneVerificationViewController.h in Headers */ = {isa = PBXBuildFile; fileRef = 91E2F82C22215D4500412F9F /* PhoneVerificationViewController.h */; };
		91E2F82F22215D4500412F9F /* PhoneVerificationViewController.m in Sources */ = {isa = PBXBuildFile; fileRef = 91E2F82D22215D4500412F9F /* PhoneVerificationViewController.m */; };
		91E2F8362221D47D00412F9F /* SBKeychain.h in Headers */ = {isa = PBXBuildFile; fileRef = 91E2F8342221D47D00412F9F /* SBKeychain.h */; };
		91E2F8372221D47D00412F9F /* SBKeychain.m in Sources */ = {isa = PBXBuildFile; fileRef = 91E2F8352221D47D00412F9F /* SBKeychain.m */; };
		91E2F83A2221D4B300412F9F /* SBKeychainQuery.h in Headers */ = {isa = PBXBuildFile; fileRef = 91E2F8382221D4B300412F9F /* SBKeychainQuery.h */; };
		91E2F83B2221D4B300412F9F /* SBKeychainQuery.m in Sources */ = {isa = PBXBuildFile; fileRef = 91E2F8392221D4B300412F9F /* SBKeychainQuery.m */; };
		91FA6FE8224B909E004C89C4 /* RiSans-Black.ttf in Resources */ = {isa = PBXBuildFile; fileRef = 91FA6FE3224B909D004C89C4 /* RiSans-Black.ttf */; };
		91FA6FE9224B909E004C89C4 /* RiSans-Regular.ttf in Resources */ = {isa = PBXBuildFile; fileRef = 91FA6FE4224B909D004C89C4 /* RiSans-Regular.ttf */; };
		91FA6FEA224B909E004C89C4 /* RiSans-Light.ttf in Resources */ = {isa = PBXBuildFile; fileRef = 91FA6FE5224B909D004C89C4 /* RiSans-Light.ttf */; };
		91FA6FEB224B909E004C89C4 /* RiSans-Medium.ttf in Resources */ = {isa = PBXBuildFile; fileRef = 91FA6FE6224B909D004C89C4 /* RiSans-Medium.ttf */; };
		91FA6FEC224B909E004C89C4 /* RiSans-Bold.ttf in Resources */ = {isa = PBXBuildFile; fileRef = 91FA6FE7224B909D004C89C4 /* RiSans-Bold.ttf */; };
		91FA6FEF224EDA22004C89C4 /* AddCreditViewController.m in Sources */ = {isa = PBXBuildFile; fileRef = 91FA6FED224EDA21004C89C4 /* AddCreditViewController.m */; };
		91FA6FF0224EDA22004C89C4 /* AddCreditViewController.h in Headers */ = {isa = PBXBuildFile; fileRef = 91FA6FEE224EDA22004C89C4 /* AddCreditViewController.h */; };
		91FA6FF3224F7AD0004C89C4 /* CustomTextField.h in Headers */ = {isa = PBXBuildFile; fileRef = 91FA6FF1224F7AD0004C89C4 /* CustomTextField.h */; };
		91FA6FF4224F7AD0004C89C4 /* CustomTextField.m in Sources */ = {isa = PBXBuildFile; fileRef = 91FA6FF2224F7AD0004C89C4 /* CustomTextField.m */; };
/* End PBXBuildFile section */

/* Begin PBXFileReference section */
		9110965A2248E36000866C60 /* DataManager.h */ = {isa = PBXFileReference; fileEncoding = 4; lastKnownFileType = sourcecode.c.h; path = DataManager.h; sourceTree = "<group>"; };
		9110965B2248E36000866C60 /* DataManager.m */ = {isa = PBXFileReference; fileEncoding = 4; lastKnownFileType = sourcecode.c.objc; path = DataManager.m; sourceTree = "<group>"; };
		9110965E22492CB400866C60 /* InvoiceViewController.h */ = {isa = PBXFileReference; lastKnownFileType = sourcecode.c.h; path = InvoiceViewController.h; sourceTree = "<group>"; };
		9110965F22492CB400866C60 /* InvoiceViewController.m */ = {isa = PBXFileReference; lastKnownFileType = sourcecode.c.objc; path = InvoiceViewController.m; sourceTree = "<group>"; };
		917A6B1E22117BEE00BE26B0 /* SBStoreKit.m */ = {isa = PBXFileReference; lastKnownFileType = sourcecode.c.objc; path = SBStoreKit.m; sourceTree = "<group>"; };
		9188A41B22181FE6008CCCB7 /* Assets.xcassets */ = {isa = PBXFileReference; lastKnownFileType = folder.assetcatalog; path = Assets.xcassets; sourceTree = "<group>"; };
		9188A41F221C2085008CCCB7 /* Storyboard.storyboard */ = {isa = PBXFileReference; lastKnownFileType = file.storyboard; path = Storyboard.storyboard; sourceTree = "<group>"; };
		9188A422221C2D2D008CCCB7 /* PhoneGettingViewController.h */ = {isa = PBXFileReference; lastKnownFileType = sourcecode.c.h; path = PhoneGettingViewController.h; sourceTree = "<group>"; };
		9188A423221C2D2D008CCCB7 /* PhoneGettingViewController.m */ = {isa = PBXFileReference; lastKnownFileType = sourcecode.c.objc; path = PhoneGettingViewController.m; sourceTree = "<group>"; };
		9188A42D221C590E008CCCB7 /* FilledButton.h */ = {isa = PBXFileReference; lastKnownFileType = sourcecode.c.h; path = FilledButton.h; sourceTree = "<group>"; };
		9188A42E221C590E008CCCB7 /* FilledButton.m */ = {isa = PBXFileReference; lastKnownFileType = sourcecode.c.objc; path = FilledButton.m; sourceTree = "<group>"; };
		9188A436221D32DB008CCCB7 /* NetworkManager.h */ = {isa = PBXFileReference; lastKnownFileType = sourcecode.c.h; path = NetworkManager.h; sourceTree = "<group>"; };
		9188A437221D32DB008CCCB7 /* NetworkManager.m */ = {isa = PBXFileReference; lastKnownFileType = sourcecode.c.objc; path = NetworkManager.m; sourceTree = "<group>"; };
		9188A43A221D33BD008CCCB7 /* SibcheHelper.h */ = {isa = PBXFileReference; lastKnownFileType = sourcecode.c.h; path = SibcheHelper.h; sourceTree = "<group>"; };
		9188A43B221D33BD008CCCB7 /* SibcheHelper.m */ = {isa = PBXFileReference; lastKnownFileType = sourcecode.c.objc; path = SibcheHelper.m; sourceTree = "<group>"; };
		918EFD3F220ED4E90087435B /* SBStoreKit.framework */ = {isa = PBXFileReference; explicitFileType = wrapper.framework; includeInIndex = 0; path = SBStoreKit.framework; sourceTree = BUILT_PRODUCTS_DIR; };
		918EFD42220ED4E90087435B /* SBStoreKit.h */ = {isa = PBXFileReference; lastKnownFileType = sourcecode.c.h; path = SBStoreKit.h; sourceTree = "<group>"; };
		918EFD43220ED4E90087435B /* Info.plist */ = {isa = PBXFileReference; lastKnownFileType = text.plist.xml; path = Info.plist; sourceTree = "<group>"; };
		9190C02522784072007D6A09 /* TopRoundedView.h */ = {isa = PBXFileReference; lastKnownFileType = sourcecode.c.h; path = TopRoundedView.h; sourceTree = "<group>"; };
		9190C02622784072007D6A09 /* TopRoundedView.m */ = {isa = PBXFileReference; lastKnownFileType = sourcecode.c.objc; path = TopRoundedView.m; sourceTree = "<group>"; };
		9190C029227856D7007D6A09 /* SBKeyboardManager.h */ = {isa = PBXFileReference; lastKnownFileType = sourcecode.c.h; path = SBKeyboardManager.h; sourceTree = "<group>"; };
		9190C02A227856D7007D6A09 /* SBKeyboardManager.m */ = {isa = PBXFileReference; lastKnownFileType = sourcecode.c.objc; path = SBKeyboardManager.m; sourceTree = "<group>"; };
		91A9E29C22620A36005CD5F0 /* SBPackage.h */ = {isa = PBXFileReference; lastKnownFileType = sourcecode.c.h; path = SBPackage.h; sourceTree = "<group>"; };
		91A9E29D22620A36005CD5F0 /* SBPackage.m */ = {isa = PBXFileReference; lastKnownFileType = sourcecode.c.objc; path = SBPackage.m; sourceTree = "<group>"; };
		91A9E2A022620A4D005CD5F0 /* SBConsumablePackage.h */ = {isa = PBXFileReference; lastKnownFileType = sourcecode.c.h; path = SBConsumablePackage.h; sourceTree = "<group>"; };
		91A9E2A122620A4D005CD5F0 /* SBConsumablePackage.m */ = {isa = PBXFileReference; lastKnownFileType = sourcecode.c.objc; path = SBConsumablePackage.m; sourceTree = "<group>"; };
		91A9E2A422620A5D005CD5F0 /* SBNonConsumablePackage.h */ = {isa = PBXFileReference; lastKnownFileType = sourcecode.c.h; path = SBNonConsumablePackage.h; sourceTree = "<group>"; };
		91A9E2A522620A5D005CD5F0 /* SBNonConsumablePackage.m */ = {isa = PBXFileReference; lastKnownFileType = sourcecode.c.objc; path = SBNonConsumablePackage.m; sourceTree = "<group>"; };
		91A9E2A822620A76005CD5F0 /* SBSubscriptionPackage.h */ = {isa = PBXFileReference; lastKnownFileType = sourcecode.c.h; path = SBSubscriptionPackage.h; sourceTree = "<group>"; };
		91A9E2A922620A76005CD5F0 /* SBSubscriptionPackage.m */ = {isa = PBXFileReference; lastKnownFileType = sourcecode.c.objc; path = SBSubscriptionPackage.m; sourceTree = "<group>"; };
		91A9E2AC22620A94005CD5F0 /* SBPurchasePackage.h */ = {isa = PBXFileReference; lastKnownFileType = sourcecode.c.h; path = SBPurchasePackage.h; sourceTree = "<group>"; };
		91A9E2AD22620A94005CD5F0 /* SBPurchasePackage.m */ = {isa = PBXFileReference; lastKnownFileType = sourcecode.c.objc; path = SBPurchasePackage.m; sourceTree = "<group>"; };
		91A9E2B022624882005CD5F0 /* SBPackage-priv.h */ = {isa = PBXFileReference; lastKnownFileType = sourcecode.c.h; path = "SBPackage-priv.h"; sourceTree = "<group>"; };
		91A9E2B122635A98005CD5F0 /* SBPackageFactory.h */ = {isa = PBXFileReference; lastKnownFileType = sourcecode.c.h; path = SBPackageFactory.h; sourceTree = "<group>"; };
		91A9E2B222635A98005CD5F0 /* SBPackageFactory.m */ = {isa = PBXFileReference; lastKnownFileType = sourcecode.c.objc; path = SBPackageFactory.m; sourceTree = "<group>"; };
		91B45A97227E0E47005A8B1F /* SBActivityIndicatorView.m */ = {isa = PBXFileReference; fileEncoding = 4; lastKnownFileType = sourcecode.c.objc; path = SBActivityIndicatorView.m; sourceTree = "<group>"; };
		91B45A98227E0E47005A8B1F /* SBActivityIndicatorView.h */ = {isa = PBXFileReference; fileEncoding = 4; lastKnownFileType = sourcecode.c.h; path = SBActivityIndicatorView.h; sourceTree = "<group>"; };
		91B45ADE227E0E47005A8B1F /* SBActivityIndicatorAnimationProtocol.h */ = {isa = PBXFileReference; fileEncoding = 4; lastKnownFileType = sourcecode.c.h; path = SBActivityIndicatorAnimationProtocol.h; sourceTree = "<group>"; };
		91B45B26227E1129005A8B1F /* CustomActivityIndicator.h */ = {isa = PBXFileReference; lastKnownFileType = sourcecode.c.h; path = CustomActivityIndicator.h; sourceTree = "<group>"; };
		91B45B27227E1129005A8B1F /* CustomActivityIndicator.m */ = {isa = PBXFileReference; lastKnownFileType = sourcecode.c.objc; path = CustomActivityIndicator.m; sourceTree = "<group>"; };
		91B45B2B227ECE36005A8B1F /* SBActivityIndicatorBallBeatAnimation.h */ = {isa = PBXFileReference; fileEncoding = 4; lastKnownFileType = sourcecode.c.h; path = SBActivityIndicatorBallBeatAnimation.h; sourceTree = "<group>"; };
		91B45B2C227ECE36005A8B1F /* SBActivityIndicatorTriangleSkewSpinAnimation.m */ = {isa = PBXFileReference; fileEncoding = 4; lastKnownFileType = sourcecode.c.objc; path = SBActivityIndicatorTriangleSkewSpinAnimation.m; sourceTree = "<group>"; };
		91B45B2D227ECE36005A8B1F /* SBActivityIndicatorBallClipRotateMultipleAnimation.m */ = {isa = PBXFileReference; fileEncoding = 4; lastKnownFileType = sourcecode.c.objc; path = SBActivityIndicatorBallClipRotateMultipleAnimation.m; sourceTree = "<group>"; };
		91B45B2E227ECE36005A8B1F /* SBActivityIndicatorBallClipRotatePulseAnimation.h */ = {isa = PBXFileReference; fileEncoding = 4; lastKnownFileType = sourcecode.c.h; path = SBActivityIndicatorBallClipRotatePulseAnimation.h; sourceTree = "<group>"; };
		91B45B2F227ECE36005A8B1F /* SBActivityIndicatorBallZigZagDeflectAnimation.h */ = {isa = PBXFileReference; fileEncoding = 4; lastKnownFileType = sourcecode.c.h; path = SBActivityIndicatorBallZigZagDeflectAnimation.h; sourceTree = "<group>"; };
		91B45B30227ECE36005A8B1F /* SBActivityIndicatorBallScaleMultipleAnimation.m */ = {isa = PBXFileReference; fileEncoding = 4; lastKnownFileType = sourcecode.c.objc; path = SBActivityIndicatorBallScaleMultipleAnimation.m; sourceTree = "<group>"; };
		91B45B31227ECE36005A8B1F /* SBActivityIndicatorThreeDotsAnimation.m */ = {isa = PBXFileReference; fileEncoding = 4; lastKnownFileType = sourcecode.c.objc; path = SBActivityIndicatorThreeDotsAnimation.m; sourceTree = "<group>"; };
		91B45B32227ECE36005A8B1F /* SBActivityIndicatorBallSpinFadeLoader.h */ = {isa = PBXFileReference; fileEncoding = 4; lastKnownFileType = sourcecode.c.h; path = SBActivityIndicatorBallSpinFadeLoader.h; sourceTree = "<group>"; };
		91B45B33227ECE36005A8B1F /* SBActivityIndicatorTwoDotsAnimation.m */ = {isa = PBXFileReference; fileEncoding = 4; lastKnownFileType = sourcecode.c.objc; path = SBActivityIndicatorTwoDotsAnimation.m; sourceTree = "<group>"; };
		91B45B34227ECE36005A8B1F /* SBActivityIndicatorBallTrianglePathAnimation.h */ = {isa = PBXFileReference; fileEncoding = 4; lastKnownFileType = sourcecode.c.h; path = SBActivityIndicatorBallTrianglePathAnimation.h; sourceTree = "<group>"; };
		91B45B35227ECE36005A8B1F /* SBActivityIndicatorDoubleBounceAnimation.h */ = {isa = PBXFileReference; fileEncoding = 4; lastKnownFileType = sourcecode.c.h; path = SBActivityIndicatorDoubleBounceAnimation.h; sourceTree = "<group>"; };
		91B45B36227ECE36005A8B1F /* SBActivityIndicatorLineScalePulseOutAnimation.m */ = {isa = PBXFileReference; fileEncoding = 4; lastKnownFileType = sourcecode.c.objc; path = SBActivityIndicatorLineScalePulseOutAnimation.m; sourceTree = "<group>"; };
		91B45B37227ECE36005A8B1F /* SBActivityIndicatorBallScaleRippleAnimation.h */ = {isa = PBXFileReference; fileEncoding = 4; lastKnownFileType = sourcecode.c.h; path = SBActivityIndicatorBallScaleRippleAnimation.h; sourceTree = "<group>"; };
		91B45B38227ECE36005A8B1F /* SBActivityIndicatorLineScalePartyAnimation.h */ = {isa = PBXFileReference; fileEncoding = 4; lastKnownFileType = sourcecode.c.h; path = SBActivityIndicatorLineScalePartyAnimation.h; sourceTree = "<group>"; };
		91B45B39227ECE36005A8B1F /* SBActivityIndicatorRotatingTrigonAnimation.m */ = {isa = PBXFileReference; fileEncoding = 4; lastKnownFileType = sourcecode.c.objc; path = SBActivityIndicatorRotatingTrigonAnimation.m; sourceTree = "<group>"; };
		91B45B3A227ECE36005A8B1F /* SBActivityIndicatorBallScaleRippleMultipleAnimation.m */ = {isa = PBXFileReference; fileEncoding = 4; lastKnownFileType = sourcecode.c.objc; path = SBActivityIndicatorBallScaleRippleMultipleAnimation.m; sourceTree = "<group>"; };
		91B45B3B227ECE36005A8B1F /* SBActivityIndicatorBallPulseAnimation.h */ = {isa = PBXFileReference; fileEncoding = 4; lastKnownFileType = sourcecode.c.h; path = SBActivityIndicatorBallPulseAnimation.h; sourceTree = "<group>"; };
		91B45B3C227ECE36005A8B1F /* SBActivityIndicatorTripleRingsAnimation.m */ = {isa = PBXFileReference; fileEncoding = 4; lastKnownFileType = sourcecode.c.objc; path = SBActivityIndicatorTripleRingsAnimation.m; sourceTree = "<group>"; };
		91B45B3D227ECE36005A8B1F /* SBActivityIndicatorBallClipRotateAnimation.m */ = {isa = PBXFileReference; fileEncoding = 4; lastKnownFileType = sourcecode.c.objc; path = SBActivityIndicatorBallClipRotateAnimation.m; sourceTree = "<group>"; };
		91B45B3E227ECE36005A8B1F /* SBActivityIndicatorBallGridBeatAnimation.m */ = {isa = PBXFileReference; fileEncoding = 4; lastKnownFileType = sourcecode.c.objc; path = SBActivityIndicatorBallGridBeatAnimation.m; sourceTree = "<group>"; };
		91B45B3F227ECE36005A8B1F /* SBActivityIndicatorRotatingSquaresAnimation.h */ = {isa = PBXFileReference; fileEncoding = 4; lastKnownFileType = sourcecode.c.h; path = SBActivityIndicatorRotatingSquaresAnimation.h; sourceTree = "<group>"; };
		91B45B40227ECE36005A8B1F /* SBActivityIndicatorBallScaleAnimation.h */ = {isa = PBXFileReference; fileEncoding = 4; lastKnownFileType = sourcecode.c.h; path = SBActivityIndicatorBallScaleAnimation.h; sourceTree = "<group>"; };
		91B45B41227ECE36005A8B1F /* SBActivityIndicatorBallRotateAnimation.m */ = {isa = PBXFileReference; fileEncoding = 4; lastKnownFileType = sourcecode.c.objc; path = SBActivityIndicatorBallRotateAnimation.m; sourceTree = "<group>"; };
		91B45B42227ECE36005A8B1F /* SBActivityIndicatorFiveDotsAnimation.h */ = {isa = PBXFileReference; fileEncoding = 4; lastKnownFileType = sourcecode.c.h; path = SBActivityIndicatorFiveDotsAnimation.h; sourceTree = "<group>"; };
		91B45B43227ECE36005A8B1F /* SBActivityIndicatorBallGridPulseAnimation.m */ = {isa = PBXFileReference; fileEncoding = 4; lastKnownFileType = sourcecode.c.objc; path = SBActivityIndicatorBallGridPulseAnimation.m; sourceTree = "<group>"; };
		91B45B44227ECE36005A8B1F /* SBActivityIndicatorRotatingSandglassAnimation.h */ = {isa = PBXFileReference; fileEncoding = 4; lastKnownFileType = sourcecode.c.h; path = SBActivityIndicatorRotatingSandglassAnimation.h; sourceTree = "<group>"; };
		91B45B45227ECE36005A8B1F /* SBActivityIndicatorNineDotsAnimation.h */ = {isa = PBXFileReference; fileEncoding = 4; lastKnownFileType = sourcecode.c.h; path = SBActivityIndicatorNineDotsAnimation.h; sourceTree = "<group>"; };
		91B45B46227ECE36005A8B1F /* SBActivityIndicatorBallZigZagAnimation.m */ = {isa = PBXFileReference; fileEncoding = 4; lastKnownFileType = sourcecode.c.objc; path = SBActivityIndicatorBallZigZagAnimation.m; sourceTree = "<group>"; };
		91B45B47227ECE36005A8B1F /* SBActivityIndicatorLineScaleAnimation.h */ = {isa = PBXFileReference; fileEncoding = 4; lastKnownFileType = sourcecode.c.h; path = SBActivityIndicatorLineScaleAnimation.h; sourceTree = "<group>"; };
		91B45B48227ECE36005A8B1F /* SBActivityIndicatorCookieTerminatorAnimation.m */ = {isa = PBXFileReference; fileEncoding = 4; lastKnownFileType = sourcecode.c.objc; path = SBActivityIndicatorCookieTerminatorAnimation.m; sourceTree = "<group>"; };
		91B45B49227ECE37005A8B1F /* SBActivityIndicatorAnimation.m */ = {isa = PBXFileReference; fileEncoding = 4; lastKnownFileType = sourcecode.c.objc; path = SBActivityIndicatorAnimation.m; sourceTree = "<group>"; };
		91B45B4A227ECE37005A8B1F /* SBActivityIndicatorTriplePulseAnimation.m */ = {isa = PBXFileReference; fileEncoding = 4; lastKnownFileType = sourcecode.c.objc; path = SBActivityIndicatorTriplePulseAnimation.m; sourceTree = "<group>"; };
		91B45B4B227ECE37005A8B1F /* SBActivityIndicatorBallPulseSyncAnimation.h */ = {isa = PBXFileReference; fileEncoding = 4; lastKnownFileType = sourcecode.c.h; path = SBActivityIndicatorBallPulseSyncAnimation.h; sourceTree = "<group>"; };
		91B45B4C227ECE37005A8B1F /* SBActivityIndicatorLineScalePulseOutRapidAnimation.m */ = {isa = PBXFileReference; fileEncoding = 4; lastKnownFileType = sourcecode.c.objc; path = SBActivityIndicatorLineScalePulseOutRapidAnimation.m; sourceTree = "<group>"; };
		91B45B4D227ECE37005A8B1F /* SBActivityIndicatorThreeDotsAnimation.h */ = {isa = PBXFileReference; fileEncoding = 4; lastKnownFileType = sourcecode.c.h; path = SBActivityIndicatorThreeDotsAnimation.h; sourceTree = "<group>"; };
		91B45B4E227ECE37005A8B1F /* SBActivityIndicatorBallScaleMultipleAnimation.h */ = {isa = PBXFileReference; fileEncoding = 4; lastKnownFileType = sourcecode.c.h; path = SBActivityIndicatorBallScaleMultipleAnimation.h; sourceTree = "<group>"; };
		91B45B4F227ECE37005A8B1F /* SBActivityIndicatorBallZigZagDeflectAnimation.m */ = {isa = PBXFileReference; fileEncoding = 4; lastKnownFileType = sourcecode.c.objc; path = SBActivityIndicatorBallZigZagDeflectAnimation.m; sourceTree = "<group>"; };
		91B45B50227ECE37005A8B1F /* SBActivityIndicatorBallClipRotatePulseAnimation.m */ = {isa = PBXFileReference; fileEncoding = 4; lastKnownFileType = sourcecode.c.objc; path = SBActivityIndicatorBallClipRotatePulseAnimation.m; sourceTree = "<group>"; };
		91B45B51227ECE37005A8B1F /* SBActivityIndicatorTriangleSkewSpinAnimation.h */ = {isa = PBXFileReference; fileEncoding = 4; lastKnownFileType = sourcecode.c.h; path = SBActivityIndicatorTriangleSkewSpinAnimation.h; sourceTree = "<group>"; };
		91B45B52227ECE37005A8B1F /* SBActivityIndicatorBallClipRotateMultipleAnimation.h */ = {isa = PBXFileReference; fileEncoding = 4; lastKnownFileType = sourcecode.c.h; path = SBActivityIndicatorBallClipRotateMultipleAnimation.h; sourceTree = "<group>"; };
		91B45B53227ECE37005A8B1F /* SBActivityIndicatorBallBeatAnimation.m */ = {isa = PBXFileReference; fileEncoding = 4; lastKnownFileType = sourcecode.c.objc; path = SBActivityIndicatorBallBeatAnimation.m; sourceTree = "<group>"; };
		91B45B54227ECE37005A8B1F /* SBActivityIndicatorLineScalePulseOutAnimation.h */ = {isa = PBXFileReference; fileEncoding = 4; lastKnownFileType = sourcecode.c.h; path = SBActivityIndicatorLineScalePulseOutAnimation.h; sourceTree = "<group>"; };
		91B45B55227ECE37005A8B1F /* SBActivityIndicatorBallTrianglePathAnimation.m */ = {isa = PBXFileReference; fileEncoding = 4; lastKnownFileType = sourcecode.c.objc; path = SBActivityIndicatorBallTrianglePathAnimation.m; sourceTree = "<group>"; };
		91B45B56227ECE37005A8B1F /* SBActivityIndicatorDoubleBounceAnimation.m */ = {isa = PBXFileReference; fileEncoding = 4; lastKnownFileType = sourcecode.c.objc; path = SBActivityIndicatorDoubleBounceAnimation.m; sourceTree = "<group>"; };
		91B45B57227ECE37005A8B1F /* SBActivityIndicatorTwoDotsAnimation.h */ = {isa = PBXFileReference; fileEncoding = 4; lastKnownFileType = sourcecode.c.h; path = SBActivityIndicatorTwoDotsAnimation.h; sourceTree = "<group>"; };
		91B45B58227ECE37005A8B1F /* SBActivityIndicatorBallSpinFadeLoader.m */ = {isa = PBXFileReference; fileEncoding = 4; lastKnownFileType = sourcecode.c.objc; path = SBActivityIndicatorBallSpinFadeLoader.m; sourceTree = "<group>"; };
		91B45B59227ECE37005A8B1F /* SBActivityIndicatorBallScaleAnimation.m */ = {isa = PBXFileReference; fileEncoding = 4; lastKnownFileType = sourcecode.c.objc; path = SBActivityIndicatorBallScaleAnimation.m; sourceTree = "<group>"; };
		91B45B5A227ECE37005A8B1F /* SBActivityIndicatorBallRotateAnimation.h */ = {isa = PBXFileReference; fileEncoding = 4; lastKnownFileType = sourcecode.c.h; path = SBActivityIndicatorBallRotateAnimation.h; sourceTree = "<group>"; };
		91B45B5B227ECE37005A8B1F /* SBActivityIndicatorRotatingSquaresAnimation.m */ = {isa = PBXFileReference; fileEncoding = 4; lastKnownFileType = sourcecode.c.objc; path = SBActivityIndicatorRotatingSquaresAnimation.m; sourceTree = "<group>"; };
		91B45B5C227ECE37005A8B1F /* SBActivityIndicatorBallGridBeatAnimation.h */ = {isa = PBXFileReference; fileEncoding = 4; lastKnownFileType = sourcecode.c.h; path = SBActivityIndicatorBallGridBeatAnimation.h; sourceTree = "<group>"; };
		91B45B5D227ECE37005A8B1F /* SBActivityIndicatorBallClipRotateAnimation.h */ = {isa = PBXFileReference; fileEncoding = 4; lastKnownFileType = sourcecode.c.h; path = SBActivityIndicatorBallClipRotateAnimation.h; sourceTree = "<group>"; };
		91B45B5E227ECE37005A8B1F /* SBActivityIndicatorBallPulseAnimation.m */ = {isa = PBXFileReference; fileEncoding = 4; lastKnownFileType = sourcecode.c.objc; path = SBActivityIndicatorBallPulseAnimation.m; sourceTree = "<group>"; };
		91B45B5F227ECE37005A8B1F /* SBActivityIndicatorTripleRingsAnimation.h */ = {isa = PBXFileReference; fileEncoding = 4; lastKnownFileType = sourcecode.c.h; path = SBActivityIndicatorTripleRingsAnimation.h; sourceTree = "<group>"; };
		91B45B60227ECE37005A8B1F /* SBActivityIndicatorRotatingTrigonAnimation.h */ = {isa = PBXFileReference; fileEncoding = 4; lastKnownFileType = sourcecode.c.h; path = SBActivityIndicatorRotatingTrigonAnimation.h; sourceTree = "<group>"; };
		91B45B61227ECE37005A8B1F /* SBActivityIndicatorBallScaleRippleMultipleAnimation.h */ = {isa = PBXFileReference; fileEncoding = 4; lastKnownFileType = sourcecode.c.h; path = SBActivityIndicatorBallScaleRippleMultipleAnimation.h; sourceTree = "<group>"; };
		91B45B62227ECE37005A8B1F /* SBActivityIndicatorLineScalePartyAnimation.m */ = {isa = PBXFileReference; fileEncoding = 4; lastKnownFileType = sourcecode.c.objc; path = SBActivityIndicatorLineScalePartyAnimation.m; sourceTree = "<group>"; };
		91B45B63227ECE37005A8B1F /* SBActivityIndicatorBallScaleRippleAnimation.m */ = {isa = PBXFileReference; fileEncoding = 4; lastKnownFileType = sourcecode.c.objc; path = SBActivityIndicatorBallScaleRippleAnimation.m; sourceTree = "<group>"; };
		91B45B64227ECE37005A8B1F /* SBActivityIndicatorLineScalePulseOutRapidAnimation.h */ = {isa = PBXFileReference; fileEncoding = 4; lastKnownFileType = sourcecode.c.h; path = SBActivityIndicatorLineScalePulseOutRapidAnimation.h; sourceTree = "<group>"; };
		91B45B65227ECE37005A8B1F /* SBActivityIndicatorTriplePulseAnimation.h */ = {isa = PBXFileReference; fileEncoding = 4; lastKnownFileType = sourcecode.c.h; path = SBActivityIndicatorTriplePulseAnimation.h; sourceTree = "<group>"; };
		91B45B66227ECE37005A8B1F /* SBActivityIndicatorBallPulseSyncAnimation.m */ = {isa = PBXFileReference; fileEncoding = 4; lastKnownFileType = sourcecode.c.objc; path = SBActivityIndicatorBallPulseSyncAnimation.m; sourceTree = "<group>"; };
		91B45B67227ECE37005A8B1F /* SBActivityIndicatorAnimation.h */ = {isa = PBXFileReference; fileEncoding = 4; lastKnownFileType = sourcecode.c.h; path = SBActivityIndicatorAnimation.h; sourceTree = "<group>"; };
		91B45B68227ECE37005A8B1F /* SBActivityIndicatorCookieTerminatorAnimation.h */ = {isa = PBXFileReference; fileEncoding = 4; lastKnownFileType = sourcecode.c.h; path = SBActivityIndicatorCookieTerminatorAnimation.h; sourceTree = "<group>"; };
		91B45B69227ECE37005A8B1F /* SBActivityIndicatorLineScaleAnimation.m */ = {isa = PBXFileReference; fileEncoding = 4; lastKnownFileType = sourcecode.c.objc; path = SBActivityIndicatorLineScaleAnimation.m; sourceTree = "<group>"; };
		91B45B6A227ECE37005A8B1F /* SBActivityIndicatorNineDotsAnimation.m */ = {isa = PBXFileReference; fileEncoding = 4; lastKnownFileType = sourcecode.c.objc; path = SBActivityIndicatorNineDotsAnimation.m; sourceTree = "<group>"; };
		91B45B6B227ECE37005A8B1F /* SBActivityIndicatorBallZigZagAnimation.h */ = {isa = PBXFileReference; fileEncoding = 4; lastKnownFileType = sourcecode.c.h; path = SBActivityIndicatorBallZigZagAnimation.h; sourceTree = "<group>"; };
		91B45B6C227ECE37005A8B1F /* SBActivityIndicatorRotatingSandglassAnimation.m */ = {isa = PBXFileReference; fileEncoding = 4; lastKnownFileType = sourcecode.c.objc; path = SBActivityIndicatorRotatingSandglassAnimation.m; sourceTree = "<group>"; };
		91B45B6D227ECE37005A8B1F /* SBActivityIndicatorBallGridPulseAnimation.h */ = {isa = PBXFileReference; fileEncoding = 4; lastKnownFileType = sourcecode.c.h; path = SBActivityIndicatorBallGridPulseAnimation.h; sourceTree = "<group>"; };
		91B45B6E227ECE37005A8B1F /* SBActivityIndicatorFiveDotsAnimation.m */ = {isa = PBXFileReference; fileEncoding = 4; lastKnownFileType = sourcecode.c.objc; path = SBActivityIndicatorFiveDotsAnimation.m; sourceTree = "<group>"; };
		91E2F82C22215D4500412F9F /* PhoneVerificationViewController.h */ = {isa = PBXFileReference; fileEncoding = 4; lastKnownFileType = sourcecode.c.h; path = PhoneVerificationViewController.h; sourceTree = "<group>"; };
		91E2F82D22215D4500412F9F /* PhoneVerificationViewController.m */ = {isa = PBXFileReference; fileEncoding = 4; lastKnownFileType = sourcecode.c.objc; path = PhoneVerificationViewController.m; sourceTree = "<group>"; };
		91E2F8342221D47D00412F9F /* SBKeychain.h */ = {isa = PBXFileReference; lastKnownFileType = sourcecode.c.h; path = SBKeychain.h; sourceTree = "<group>"; };
		91E2F8352221D47D00412F9F /* SBKeychain.m */ = {isa = PBXFileReference; lastKnownFileType = sourcecode.c.objc; path = SBKeychain.m; sourceTree = "<group>"; };
		91E2F8382221D4B300412F9F /* SBKeychainQuery.h */ = {isa = PBXFileReference; lastKnownFileType = sourcecode.c.h; path = SBKeychainQuery.h; sourceTree = "<group>"; };
		91E2F8392221D4B300412F9F /* SBKeychainQuery.m */ = {isa = PBXFileReference; lastKnownFileType = sourcecode.c.objc; path = SBKeychainQuery.m; sourceTree = "<group>"; };
		91E2F83D22230AB200412F9F /* Constants.h */ = {isa = PBXFileReference; lastKnownFileType = sourcecode.c.h; path = Constants.h; sourceTree = "<group>"; };
		91FA6FE3224B909D004C89C4 /* RiSans-Black.ttf */ = {isa = PBXFileReference; lastKnownFileType = file; path = "RiSans-Black.ttf"; sourceTree = "<group>"; };
		91FA6FE4224B909D004C89C4 /* RiSans-Regular.ttf */ = {isa = PBXFileReference; lastKnownFileType = file; path = "RiSans-Regular.ttf"; sourceTree = "<group>"; };
		91FA6FE5224B909D004C89C4 /* RiSans-Light.ttf */ = {isa = PBXFileReference; lastKnownFileType = file; path = "RiSans-Light.ttf"; sourceTree = "<group>"; };
		91FA6FE6224B909D004C89C4 /* RiSans-Medium.ttf */ = {isa = PBXFileReference; lastKnownFileType = file; path = "RiSans-Medium.ttf"; sourceTree = "<group>"; };
		91FA6FE7224B909D004C89C4 /* RiSans-Bold.ttf */ = {isa = PBXFileReference; lastKnownFileType = file; path = "RiSans-Bold.ttf"; sourceTree = "<group>"; };
		91FA6FED224EDA21004C89C4 /* AddCreditViewController.m */ = {isa = PBXFileReference; fileEncoding = 4; lastKnownFileType = sourcecode.c.objc; path = AddCreditViewController.m; sourceTree = "<group>"; };
		91FA6FEE224EDA22004C89C4 /* AddCreditViewController.h */ = {isa = PBXFileReference; fileEncoding = 4; lastKnownFileType = sourcecode.c.h; path = AddCreditViewController.h; sourceTree = "<group>"; };
		91FA6FF1224F7AD0004C89C4 /* CustomTextField.h */ = {isa = PBXFileReference; lastKnownFileType = sourcecode.c.h; path = CustomTextField.h; sourceTree = "<group>"; };
		91FA6FF2224F7AD0004C89C4 /* CustomTextField.m */ = {isa = PBXFileReference; lastKnownFileType = sourcecode.c.objc; path = CustomTextField.m; sourceTree = "<group>"; };
/* End PBXFileReference section */

/* Begin PBXFrameworksBuildPhase section */
		918EFD3C220ED4E90087435B /* Frameworks */ = {
			isa = PBXFrameworksBuildPhase;
			buildActionMask = 2147483647;
			files = (
			);
			runOnlyForDeploymentPostprocessing = 0;
		};
/* End PBXFrameworksBuildPhase section */

/* Begin PBXGroup section */
		917A6B202211B17B00BE26B0 /* Sources */ = {
			isa = PBXGroup;
			children = (
				91A9E29B226203C5005CD5F0 /* Models */,
				9188A431221D2EEC008CCCB7 /* Utils */,
				9188A42C221C58C3008CCCB7 /* ViewComponents */,
				9188A421221C2D13008CCCB7 /* ViewControllers */,
				918EFD42220ED4E90087435B /* SBStoreKit.h */,
				917A6B1E22117BEE00BE26B0 /* SBStoreKit.m */,
			);
			path = Sources;
			sourceTree = "<group>";
		};
		9188A4142217E89A008CCCB7 /* Resources */ = {
			isa = PBXGroup;
			children = (
				91FA6FE3224B909D004C89C4 /* RiSans-Black.ttf */,
				91FA6FE7224B909D004C89C4 /* RiSans-Bold.ttf */,
				91FA6FE5224B909D004C89C4 /* RiSans-Light.ttf */,
				91FA6FE6224B909D004C89C4 /* RiSans-Medium.ttf */,
				91FA6FE4224B909D004C89C4 /* RiSans-Regular.ttf */,
				9188A41B22181FE6008CCCB7 /* Assets.xcassets */,
				9188A41F221C2085008CCCB7 /* Storyboard.storyboard */,
			);
			path = Resources;
			sourceTree = "<group>";
		};
		9188A421221C2D13008CCCB7 /* ViewControllers */ = {
			isa = PBXGroup;
			children = (
				91FA6FEE224EDA22004C89C4 /* AddCreditViewController.h */,
				91FA6FED224EDA21004C89C4 /* AddCreditViewController.m */,
				91E2F82C22215D4500412F9F /* PhoneVerificationViewController.h */,
				91E2F82D22215D4500412F9F /* PhoneVerificationViewController.m */,
				9188A422221C2D2D008CCCB7 /* PhoneGettingViewController.h */,
				9188A423221C2D2D008CCCB7 /* PhoneGettingViewController.m */,
				9110965E22492CB400866C60 /* InvoiceViewController.h */,
				9110965F22492CB400866C60 /* InvoiceViewController.m */,
			);
			path = ViewControllers;
			sourceTree = "<group>";
		};
		9188A42C221C58C3008CCCB7 /* ViewComponents */ = {
			isa = PBXGroup;
			children = (
				9188A42D221C590E008CCCB7 /* FilledButton.h */,
				9188A42E221C590E008CCCB7 /* FilledButton.m */,
				91FA6FF1224F7AD0004C89C4 /* CustomTextField.h */,
				91FA6FF2224F7AD0004C89C4 /* CustomTextField.m */,
				9190C02522784072007D6A09 /* TopRoundedView.h */,
				9190C02622784072007D6A09 /* TopRoundedView.m */,
				91B45B26227E1129005A8B1F /* CustomActivityIndicator.h */,
				91B45B27227E1129005A8B1F /* CustomActivityIndicator.m */,
			);
			path = ViewComponents;
			sourceTree = "<group>";
		};
		9188A431221D2EEC008CCCB7 /* Utils */ = {
			isa = PBXGroup;
			children = (
				91B45A96227E0E47005A8B1F /* SBActivityIndicatorView */,
				9110965A2248E36000866C60 /* DataManager.h */,
				9110965B2248E36000866C60 /* DataManager.m */,
				9188A436221D32DB008CCCB7 /* NetworkManager.h */,
				9188A437221D32DB008CCCB7 /* NetworkManager.m */,
				9188A43A221D33BD008CCCB7 /* SibcheHelper.h */,
				9188A43B221D33BD008CCCB7 /* SibcheHelper.m */,
				91E2F8342221D47D00412F9F /* SBKeychain.h */,
				91E2F8352221D47D00412F9F /* SBKeychain.m */,
				91E2F8382221D4B300412F9F /* SBKeychainQuery.h */,
				91E2F8392221D4B300412F9F /* SBKeychainQuery.m */,
				91E2F83D22230AB200412F9F /* Constants.h */,
				9190C029227856D7007D6A09 /* SBKeyboardManager.h */,
				9190C02A227856D7007D6A09 /* SBKeyboardManager.m */,
			);
			path = Utils;
			sourceTree = "<group>";
		};
		918EFD35220ED4E90087435B = {
			isa = PBXGroup;
			children = (
				918EFD43220ED4E90087435B /* Info.plist */,
				917A6B202211B17B00BE26B0 /* Sources */,
				9188A4142217E89A008CCCB7 /* Resources */,
				918EFD40220ED4E90087435B /* Products */,
			);
			sourceTree = "<group>";
		};
		918EFD40220ED4E90087435B /* Products */ = {
			isa = PBXGroup;
			children = (
				918EFD3F220ED4E90087435B /* SBStoreKit.framework */,
			);
			name = Products;
			sourceTree = "<group>";
		};
		91A9E29B226203C5005CD5F0 /* Models */ = {
			isa = PBXGroup;
			children = (
				91A9E29C22620A36005CD5F0 /* SBPackage.h */,
				91A9E2B022624882005CD5F0 /* SBPackage-priv.h */,
				91A9E29D22620A36005CD5F0 /* SBPackage.m */,
				91A9E2A022620A4D005CD5F0 /* SBConsumablePackage.h */,
				91A9E2A122620A4D005CD5F0 /* SBConsumablePackage.m */,
				91A9E2A422620A5D005CD5F0 /* SBNonConsumablePackage.h */,
				91A9E2A522620A5D005CD5F0 /* SBNonConsumablePackage.m */,
				91A9E2A822620A76005CD5F0 /* SBSubscriptionPackage.h */,
				91A9E2A922620A76005CD5F0 /* SBSubscriptionPackage.m */,
				91A9E2AC22620A94005CD5F0 /* SBPurchasePackage.h */,
				91A9E2AD22620A94005CD5F0 /* SBPurchasePackage.m */,
				91A9E2B122635A98005CD5F0 /* SBPackageFactory.h */,
				91A9E2B222635A98005CD5F0 /* SBPackageFactory.m */,
			);
			path = Models;
			sourceTree = "<group>";
		};
		91B45A96227E0E47005A8B1F /* SBActivityIndicatorView */ = {
			isa = PBXGroup;
			children = (
				91B45B2A227ECE36005A8B1F /* Animations */,
				91B45A97227E0E47005A8B1F /* SBActivityIndicatorView.m */,
				91B45A98227E0E47005A8B1F /* SBActivityIndicatorView.h */,
				91B45ADE227E0E47005A8B1F /* SBActivityIndicatorAnimationProtocol.h */,
			);
			path = SBActivityIndicatorView;
			sourceTree = "<group>";
		};
		91B45B2A227ECE36005A8B1F /* Animations */ = {
			isa = PBXGroup;
			children = (
				91B45B2B227ECE36005A8B1F /* SBActivityIndicatorBallBeatAnimation.h */,
				91B45B2C227ECE36005A8B1F /* SBActivityIndicatorTriangleSkewSpinAnimation.m */,
				91B45B2D227ECE36005A8B1F /* SBActivityIndicatorBallClipRotateMultipleAnimation.m */,
				91B45B2E227ECE36005A8B1F /* SBActivityIndicatorBallClipRotatePulseAnimation.h */,
				91B45B2F227ECE36005A8B1F /* SBActivityIndicatorBallZigZagDeflectAnimation.h */,
				91B45B30227ECE36005A8B1F /* SBActivityIndicatorBallScaleMultipleAnimation.m */,
				91B45B31227ECE36005A8B1F /* SBActivityIndicatorThreeDotsAnimation.m */,
				91B45B32227ECE36005A8B1F /* SBActivityIndicatorBallSpinFadeLoader.h */,
				91B45B33227ECE36005A8B1F /* SBActivityIndicatorTwoDotsAnimation.m */,
				91B45B34227ECE36005A8B1F /* SBActivityIndicatorBallTrianglePathAnimation.h */,
				91B45B35227ECE36005A8B1F /* SBActivityIndicatorDoubleBounceAnimation.h */,
				91B45B36227ECE36005A8B1F /* SBActivityIndicatorLineScalePulseOutAnimation.m */,
				91B45B37227ECE36005A8B1F /* SBActivityIndicatorBallScaleRippleAnimation.h */,
				91B45B38227ECE36005A8B1F /* SBActivityIndicatorLineScalePartyAnimation.h */,
				91B45B39227ECE36005A8B1F /* SBActivityIndicatorRotatingTrigonAnimation.m */,
				91B45B3A227ECE36005A8B1F /* SBActivityIndicatorBallScaleRippleMultipleAnimation.m */,
				91B45B3B227ECE36005A8B1F /* SBActivityIndicatorBallPulseAnimation.h */,
				91B45B3C227ECE36005A8B1F /* SBActivityIndicatorTripleRingsAnimation.m */,
				91B45B3D227ECE36005A8B1F /* SBActivityIndicatorBallClipRotateAnimation.m */,
				91B45B3E227ECE36005A8B1F /* SBActivityIndicatorBallGridBeatAnimation.m */,
				91B45B3F227ECE36005A8B1F /* SBActivityIndicatorRotatingSquaresAnimation.h */,
				91B45B40227ECE36005A8B1F /* SBActivityIndicatorBallScaleAnimation.h */,
				91B45B41227ECE36005A8B1F /* SBActivityIndicatorBallRotateAnimation.m */,
				91B45B42227ECE36005A8B1F /* SBActivityIndicatorFiveDotsAnimation.h */,
				91B45B43227ECE36005A8B1F /* SBActivityIndicatorBallGridPulseAnimation.m */,
				91B45B44227ECE36005A8B1F /* SBActivityIndicatorRotatingSandglassAnimation.h */,
				91B45B45227ECE36005A8B1F /* SBActivityIndicatorNineDotsAnimation.h */,
				91B45B46227ECE36005A8B1F /* SBActivityIndicatorBallZigZagAnimation.m */,
				91B45B47227ECE36005A8B1F /* SBActivityIndicatorLineScaleAnimation.h */,
				91B45B48227ECE36005A8B1F /* SBActivityIndicatorCookieTerminatorAnimation.m */,
				91B45B49227ECE37005A8B1F /* SBActivityIndicatorAnimation.m */,
				91B45B4A227ECE37005A8B1F /* SBActivityIndicatorTriplePulseAnimation.m */,
				91B45B4B227ECE37005A8B1F /* SBActivityIndicatorBallPulseSyncAnimation.h */,
				91B45B4C227ECE37005A8B1F /* SBActivityIndicatorLineScalePulseOutRapidAnimation.m */,
				91B45B4D227ECE37005A8B1F /* SBActivityIndicatorThreeDotsAnimation.h */,
				91B45B4E227ECE37005A8B1F /* SBActivityIndicatorBallScaleMultipleAnimation.h */,
				91B45B4F227ECE37005A8B1F /* SBActivityIndicatorBallZigZagDeflectAnimation.m */,
				91B45B50227ECE37005A8B1F /* SBActivityIndicatorBallClipRotatePulseAnimation.m */,
				91B45B51227ECE37005A8B1F /* SBActivityIndicatorTriangleSkewSpinAnimation.h */,
				91B45B52227ECE37005A8B1F /* SBActivityIndicatorBallClipRotateMultipleAnimation.h */,
				91B45B53227ECE37005A8B1F /* SBActivityIndicatorBallBeatAnimation.m */,
				91B45B54227ECE37005A8B1F /* SBActivityIndicatorLineScalePulseOutAnimation.h */,
				91B45B55227ECE37005A8B1F /* SBActivityIndicatorBallTrianglePathAnimation.m */,
				91B45B56227ECE37005A8B1F /* SBActivityIndicatorDoubleBounceAnimation.m */,
				91B45B57227ECE37005A8B1F /* SBActivityIndicatorTwoDotsAnimation.h */,
				91B45B58227ECE37005A8B1F /* SBActivityIndicatorBallSpinFadeLoader.m */,
				91B45B59227ECE37005A8B1F /* SBActivityIndicatorBallScaleAnimation.m */,
				91B45B5A227ECE37005A8B1F /* SBActivityIndicatorBallRotateAnimation.h */,
				91B45B5B227ECE37005A8B1F /* SBActivityIndicatorRotatingSquaresAnimation.m */,
				91B45B5C227ECE37005A8B1F /* SBActivityIndicatorBallGridBeatAnimation.h */,
				91B45B5D227ECE37005A8B1F /* SBActivityIndicatorBallClipRotateAnimation.h */,
				91B45B5E227ECE37005A8B1F /* SBActivityIndicatorBallPulseAnimation.m */,
				91B45B5F227ECE37005A8B1F /* SBActivityIndicatorTripleRingsAnimation.h */,
				91B45B60227ECE37005A8B1F /* SBActivityIndicatorRotatingTrigonAnimation.h */,
				91B45B61227ECE37005A8B1F /* SBActivityIndicatorBallScaleRippleMultipleAnimation.h */,
				91B45B62227ECE37005A8B1F /* SBActivityIndicatorLineScalePartyAnimation.m */,
				91B45B63227ECE37005A8B1F /* SBActivityIndicatorBallScaleRippleAnimation.m */,
				91B45B64227ECE37005A8B1F /* SBActivityIndicatorLineScalePulseOutRapidAnimation.h */,
				91B45B65227ECE37005A8B1F /* SBActivityIndicatorTriplePulseAnimation.h */,
				91B45B66227ECE37005A8B1F /* SBActivityIndicatorBallPulseSyncAnimation.m */,
				91B45B67227ECE37005A8B1F /* SBActivityIndicatorAnimation.h */,
				91B45B68227ECE37005A8B1F /* SBActivityIndicatorCookieTerminatorAnimation.h */,
				91B45B69227ECE37005A8B1F /* SBActivityIndicatorLineScaleAnimation.m */,
				91B45B6A227ECE37005A8B1F /* SBActivityIndicatorNineDotsAnimation.m */,
				91B45B6B227ECE37005A8B1F /* SBActivityIndicatorBallZigZagAnimation.h */,
				91B45B6C227ECE37005A8B1F /* SBActivityIndicatorRotatingSandglassAnimation.m */,
				91B45B6D227ECE37005A8B1F /* SBActivityIndicatorBallGridPulseAnimation.h */,
				91B45B6E227ECE37005A8B1F /* SBActivityIndicatorFiveDotsAnimation.m */,
			);
			path = Animations;
			sourceTree = "<group>";
		};
/* End PBXGroup section */

/* Begin PBXHeadersBuildPhase section */
		918EFD3A220ED4E90087435B /* Headers */ = {
			isa = PBXHeadersBuildPhase;
			buildActionMask = 2147483647;
			files = (
				91B45B83227ECE37005A8B1F /* SBActivityIndicatorRotatingSquaresAnimation.h in Headers */,
				91B45B96227ECE37005A8B1F /* SBActivityIndicatorBallClipRotateMultipleAnimation.h in Headers */,
				91B45B7F227ECE37005A8B1F /* SBActivityIndicatorBallPulseAnimation.h in Headers */,
				91B45BA1227ECE37005A8B1F /* SBActivityIndicatorBallClipRotateAnimation.h in Headers */,
				91A9E29E22620A36005CD5F0 /* SBPackage.h in Headers */,
				91A9E2A222620A4D005CD5F0 /* SBConsumablePackage.h in Headers */,
				91B45B8F227ECE37005A8B1F /* SBActivityIndicatorBallPulseSyncAnimation.h in Headers */,
				91B45B89227ECE37005A8B1F /* SBActivityIndicatorNineDotsAnimation.h in Headers */,
				91B45BA3227ECE37005A8B1F /* SBActivityIndicatorTripleRingsAnimation.h in Headers */,
				91B45B72227ECE37005A8B1F /* SBActivityIndicatorBallClipRotatePulseAnimation.h in Headers */,
				91B45B6F227ECE37005A8B1F /* SBActivityIndicatorBallBeatAnimation.h in Headers */,
				9190C02B227856D7007D6A09 /* SBKeyboardManager.h in Headers */,
				91A9E2A622620A5D005CD5F0 /* SBNonConsumablePackage.h in Headers */,
				91B45B79227ECE37005A8B1F /* SBActivityIndicatorDoubleBounceAnimation.h in Headers */,
				91B45BAC227ECE37005A8B1F /* SBActivityIndicatorCookieTerminatorAnimation.h in Headers */,
				91B45BA5227ECE37005A8B1F /* SBActivityIndicatorBallScaleRippleMultipleAnimation.h in Headers */,
				91B45B8B227ECE37005A8B1F /* SBActivityIndicatorLineScaleAnimation.h in Headers */,
				91B45B98227ECE37005A8B1F /* SBActivityIndicatorLineScalePulseOutAnimation.h in Headers */,
				91B45B7C227ECE37005A8B1F /* SBActivityIndicatorLineScalePartyAnimation.h in Headers */,
				91B45B73227ECE37005A8B1F /* SBActivityIndicatorBallZigZagDeflectAnimation.h in Headers */,
				9190C02722784072007D6A09 /* TopRoundedView.h in Headers */,
				91B45B7B227ECE37005A8B1F /* SBActivityIndicatorBallScaleRippleAnimation.h in Headers */,
				91B45BA4227ECE37005A8B1F /* SBActivityIndicatorRotatingTrigonAnimation.h in Headers */,
				91B45BA8227ECE37005A8B1F /* SBActivityIndicatorLineScalePulseOutRapidAnimation.h in Headers */,
				91A9E2AA22620A76005CD5F0 /* SBSubscriptionPackage.h in Headers */,
				91B45B78227ECE37005A8B1F /* SBActivityIndicatorBallTrianglePathAnimation.h in Headers */,
				91A9E2AE22620A94005CD5F0 /* SBPurchasePackage.h in Headers */,
				91B45B92227ECE37005A8B1F /* SBActivityIndicatorBallScaleMultipleAnimation.h in Headers */,
				91B45B76227ECE37005A8B1F /* SBActivityIndicatorBallSpinFadeLoader.h in Headers */,
				91B45B84227ECE37005A8B1F /* SBActivityIndicatorBallScaleAnimation.h in Headers */,
				918EFD44220ED4E90087435B /* SBStoreKit.h in Headers */,
				91B45BA9227ECE37005A8B1F /* SBActivityIndicatorTriplePulseAnimation.h in Headers */,
				91B45AE0227E0E47005A8B1F /* SBActivityIndicatorView.h in Headers */,
				91FA6FF0224EDA22004C89C4 /* AddCreditViewController.h in Headers */,
				91B45B9E227ECE37005A8B1F /* SBActivityIndicatorBallRotateAnimation.h in Headers */,
				9110965C2248E36100866C60 /* DataManager.h in Headers */,
				91E2F82E22215D4500412F9F /* PhoneVerificationViewController.h in Headers */,
				91B45BB1227ECE37005A8B1F /* SBActivityIndicatorBallGridPulseAnimation.h in Headers */,
				9110966022492CB400866C60 /* InvoiceViewController.h in Headers */,
				9188A43C221D33BD008CCCB7 /* SibcheHelper.h in Headers */,
				91B45B86227ECE37005A8B1F /* SBActivityIndicatorFiveDotsAnimation.h in Headers */,
				91B45BAB227ECE37005A8B1F /* SBActivityIndicatorAnimation.h in Headers */,
				91E2F83A2221D4B300412F9F /* SBKeychainQuery.h in Headers */,
				91B45B95227ECE37005A8B1F /* SBActivityIndicatorTriangleSkewSpinAnimation.h in Headers */,
				91FA6FF3224F7AD0004C89C4 /* CustomTextField.h in Headers */,
				91B45B88227ECE37005A8B1F /* SBActivityIndicatorRotatingSandglassAnimation.h in Headers */,
				91B45BA0227ECE37005A8B1F /* SBActivityIndicatorBallGridBeatAnimation.h in Headers */,
				9188A42F221C590E008CCCB7 /* FilledButton.h in Headers */,
				91E2F8362221D47D00412F9F /* SBKeychain.h in Headers */,
				91A9E2B322635A98005CD5F0 /* SBPackageFactory.h in Headers */,
				9188A424221C2D2D008CCCB7 /* PhoneGettingViewController.h in Headers */,
				91B45B25227E0E47005A8B1F /* SBActivityIndicatorAnimationProtocol.h in Headers */,
				91B45B9B227ECE37005A8B1F /* SBActivityIndicatorTwoDotsAnimation.h in Headers */,
				91B45BAF227ECE37005A8B1F /* SBActivityIndicatorBallZigZagAnimation.h in Headers */,
				9188A438221D32DB008CCCB7 /* NetworkManager.h in Headers */,
				91B45B91227ECE37005A8B1F /* SBActivityIndicatorThreeDotsAnimation.h in Headers */,
				91B45B28227E1129005A8B1F /* CustomActivityIndicator.h in Headers */,
			);
			runOnlyForDeploymentPostprocessing = 0;
		};
/* End PBXHeadersBuildPhase section */

/* Begin PBXNativeTarget section */
		918EFD3E220ED4E90087435B /* SBStoreKit */ = {
			isa = PBXNativeTarget;
			buildConfigurationList = 918EFD47220ED4E90087435B /* Build configuration list for PBXNativeTarget "SBStoreKit" */;
			buildPhases = (
				918EFD3A220ED4E90087435B /* Headers */,
				918EFD3B220ED4E90087435B /* Sources */,
				918EFD3C220ED4E90087435B /* Frameworks */,
				918EFD3D220ED4E90087435B /* Resources */,
			);
			buildRules = (
			);
			dependencies = (
			);
			name = SBStoreKit;
			productName = SBStoreKit;
			productReference = 918EFD3F220ED4E90087435B /* SBStoreKit.framework */;
			productType = "com.apple.product-type.framework";
		};
/* End PBXNativeTarget section */

/* Begin PBXProject section */
		918EFD36220ED4E90087435B /* Project object */ = {
			isa = PBXProject;
			attributes = {
				LastUpgradeCheck = 1010;
				ORGANIZATIONNAME = Sibche;
				TargetAttributes = {
					916F239B22672DF80078E83C = {
						CreatedOnToolsVersion = 10.1;
					};
					918EFD3E220ED4E90087435B = {
						CreatedOnToolsVersion = 10.1;
					};
				};
			};
			buildConfigurationList = 918EFD39220ED4E90087435B /* Build configuration list for PBXProject "SBStoreKit" */;
			compatibilityVersion = "Xcode 9.3";
			developmentRegion = en;
			hasScannedForEncodings = 0;
			knownRegions = (
				en,
			);
			mainGroup = 918EFD35220ED4E90087435B;
			productRefGroup = 918EFD40220ED4E90087435B /* Products */;
			projectDirPath = "";
			projectRoot = "";
			targets = (
				918EFD3E220ED4E90087435B /* SBStoreKit */,
				916F239B22672DF80078E83C /* SBStoreKit Library */,
			);
		};
/* End PBXProject section */

/* Begin PBXResourcesBuildPhase section */
		918EFD3D220ED4E90087435B /* Resources */ = {
			isa = PBXResourcesBuildPhase;
			buildActionMask = 2147483647;
			files = (
				91FA6FE8224B909E004C89C4 /* RiSans-Black.ttf in Resources */,
				91FA6FE9224B909E004C89C4 /* RiSans-Regular.ttf in Resources */,
				91FA6FEA224B909E004C89C4 /* RiSans-Light.ttf in Resources */,
				91FA6FEB224B909E004C89C4 /* RiSans-Medium.ttf in Resources */,
				9188A41C22181FE6008CCCB7 /* Assets.xcassets in Resources */,
				91FA6FEC224B909E004C89C4 /* RiSans-Bold.ttf in Resources */,
				9188A420221C2085008CCCB7 /* Storyboard.storyboard in Resources */,
			);
			runOnlyForDeploymentPostprocessing = 0;
		};
/* End PBXResourcesBuildPhase section */

/* Begin PBXShellScriptBuildPhase section */
		916F239F22673ED90078E83C /* Run Script */ = {
			isa = PBXShellScriptBuildPhase;
			buildActionMask = 2147483647;
			files = (
			);
			inputFileListPaths = (
			);
			inputPaths = (
			);
			name = "Run Script";
			outputFileListPaths = (
			);
			outputPaths = (
			);
			runOnlyForDeploymentPostprocessing = 0;
			shellPath = /bin/sh;
			shellScript = "/bin/sh ${SRCROOT}/build_fat_framework.sh\n";
		};
/* End PBXShellScriptBuildPhase section */

/* Begin PBXSourcesBuildPhase section */
		918EFD3B220ED4E90087435B /* Sources */ = {
			isa = PBXSourcesBuildPhase;
			buildActionMask = 2147483647;
			files = (
				91B45BA2227ECE37005A8B1F /* SBActivityIndicatorBallPulseAnimation.m in Sources */,
				91E2F83B2221D4B300412F9F /* SBKeychainQuery.m in Sources */,
				91FA6FEF224EDA22004C89C4 /* AddCreditViewController.m in Sources */,
				91B45BA7227ECE37005A8B1F /* SBActivityIndicatorBallScaleRippleAnimation.m in Sources */,
				91B45ADF227E0E47005A8B1F /* SBActivityIndicatorView.m in Sources */,
				91B45BAD227ECE37005A8B1F /* SBActivityIndicatorLineScaleAnimation.m in Sources */,
				91B45BA6227ECE37005A8B1F /* SBActivityIndicatorLineScalePartyAnimation.m in Sources */,
				91B45B9F227ECE37005A8B1F /* SBActivityIndicatorRotatingSquaresAnimation.m in Sources */,
				9188A439221D32DB008CCCB7 /* NetworkManager.m in Sources */,
				91B45B70227ECE37005A8B1F /* SBActivityIndicatorTriangleSkewSpinAnimation.m in Sources */,
				91B45B75227ECE37005A8B1F /* SBActivityIndicatorThreeDotsAnimation.m in Sources */,
				91B45B99227ECE37005A8B1F /* SBActivityIndicatorBallTrianglePathAnimation.m in Sources */,
				91B45B80227ECE37005A8B1F /* SBActivityIndicatorTripleRingsAnimation.m in Sources */,
				91B45B97227ECE37005A8B1F /* SBActivityIndicatorBallBeatAnimation.m in Sources */,
				91B45B29227E1129005A8B1F /* CustomActivityIndicator.m in Sources */,
				9188A43D221D33BD008CCCB7 /* SibcheHelper.m in Sources */,
				91B45BAE227ECE37005A8B1F /* SBActivityIndicatorNineDotsAnimation.m in Sources */,
				91B45B9C227ECE37005A8B1F /* SBActivityIndicatorBallSpinFadeLoader.m in Sources */,
				91A9E2AF22620A94005CD5F0 /* SBPurchasePackage.m in Sources */,
				91B45B87227ECE37005A8B1F /* SBActivityIndicatorBallGridPulseAnimation.m in Sources */,
				91B45BAA227ECE37005A8B1F /* SBActivityIndicatorBallPulseSyncAnimation.m in Sources */,
				91A9E2A322620A4D005CD5F0 /* SBConsumablePackage.m in Sources */,
				91FA6FF4224F7AD0004C89C4 /* CustomTextField.m in Sources */,
				9190C02C227856D7007D6A09 /* SBKeyboardManager.m in Sources */,
				91A9E2A722620A5D005CD5F0 /* SBNonConsumablePackage.m in Sources */,
				91B45B7D227ECE37005A8B1F /* SBActivityIndicatorRotatingTrigonAnimation.m in Sources */,
				91B45B71227ECE37005A8B1F /* SBActivityIndicatorBallClipRotateMultipleAnimation.m in Sources */,
				91B45B7A227ECE37005A8B1F /* SBActivityIndicatorLineScalePulseOutAnimation.m in Sources */,
				91B45BB2227ECE37005A8B1F /* SBActivityIndicatorFiveDotsAnimation.m in Sources */,
				9188A425221C2D2D008CCCB7 /* PhoneGettingViewController.m in Sources */,
				91B45B93227ECE37005A8B1F /* SBActivityIndicatorBallZigZagDeflectAnimation.m in Sources */,
				91B45B8C227ECE37005A8B1F /* SBActivityIndicatorCookieTerminatorAnimation.m in Sources */,
				91A9E2AB22620A76005CD5F0 /* SBSubscriptionPackage.m in Sources */,
				917A6B1F22117BEE00BE26B0 /* SBStoreKit.m in Sources */,
				91E2F82F22215D4500412F9F /* PhoneVerificationViewController.m in Sources */,
				91E2F8372221D47D00412F9F /* SBKeychain.m in Sources */,
				91B45B74227ECE37005A8B1F /* SBActivityIndicatorBallScaleMultipleAnimation.m in Sources */,
				91B45B94227ECE37005A8B1F /* SBActivityIndicatorBallClipRotatePulseAnimation.m in Sources */,
				91B45BB0227ECE37005A8B1F /* SBActivityIndicatorRotatingSandglassAnimation.m in Sources */,
				9110965D2248E36100866C60 /* DataManager.m in Sources */,
				91B45B82227ECE37005A8B1F /* SBActivityIndicatorBallGridBeatAnimation.m in Sources */,
				91B45B81227ECE37005A8B1F /* SBActivityIndicatorBallClipRotateAnimation.m in Sources */,
				9190C02822784072007D6A09 /* TopRoundedView.m in Sources */,
				9110966122492CB400866C60 /* InvoiceViewController.m in Sources */,
				91B45B9A227ECE37005A8B1F /* SBActivityIndicatorDoubleBounceAnimation.m in Sources */,
				91B45B8E227ECE37005A8B1F /* SBActivityIndicatorTriplePulseAnimation.m in Sources */,
				91B45B85227ECE37005A8B1F /* SBActivityIndicatorBallRotateAnimation.m in Sources */,
				9188A430221C590E008CCCB7 /* FilledButton.m in Sources */,
				91B45B8D227ECE37005A8B1F /* SBActivityIndicatorAnimation.m in Sources */,
				91B45B9D227ECE37005A8B1F /* SBActivityIndicatorBallScaleAnimation.m in Sources */,
				91B45B7E227ECE37005A8B1F /* SBActivityIndicatorBallScaleRippleMultipleAnimation.m in Sources */,
				91A9E2B422635A98005CD5F0 /* SBPackageFactory.m in Sources */,
				91B45B8A227ECE37005A8B1F /* SBActivityIndicatorBallZigZagAnimation.m in Sources */,
				91A9E29F22620A36005CD5F0 /* SBPackage.m in Sources */,
				91B45B77227ECE37005A8B1F /* SBActivityIndicatorTwoDotsAnimation.m in Sources */,
				91B45B90227ECE37005A8B1F /* SBActivityIndicatorLineScalePulseOutRapidAnimation.m in Sources */,
			);
			runOnlyForDeploymentPostprocessing = 0;
		};
/* End PBXSourcesBuildPhase section */

/* Begin XCBuildConfiguration section */
		916F239D22672DF80078E83C /* Debug */ = {
			isa = XCBuildConfiguration;
			buildSettings = {
				CODE_SIGN_STYLE = Automatic;
				DEVELOPMENT_TEAM = LGB73V7GYR;
				PRODUCT_NAME = "$(TARGET_NAME)";
				SIBCHE_DESTINATION_PATH = "${SRCROOT}/Framework";
				SIBCHE_MACH_O_TYPE = mh_dylib;
				SIBCHE_OUTPUT_NAME = SBStoreKit;
				SIBCHE_TARGET_NAME = SBStoreKit;
			};
			name = Debug;
		};
		916F239E22672DF80078E83C /* Release */ = {
			isa = XCBuildConfiguration;
			buildSettings = {
				CODE_SIGN_STYLE = Automatic;
				DEVELOPMENT_TEAM = LGB73V7GYR;
				PRODUCT_NAME = "$(TARGET_NAME)";
				SIBCHE_DESTINATION_PATH = "${SRCROOT}/Framework";
				SIBCHE_MACH_O_TYPE = mh_dylib;
				SIBCHE_OUTPUT_NAME = SBStoreKit;
				SIBCHE_TARGET_NAME = SBStoreKit;
			};
			name = Release;
		};
		918EFD45220ED4E90087435B /* Debug */ = {
			isa = XCBuildConfiguration;
			buildSettings = {
				ALWAYS_SEARCH_USER_PATHS = NO;
				CLANG_ANALYZER_NONNULL = YES;
				CLANG_ANALYZER_NUMBER_OBJECT_CONVERSION = YES_AGGRESSIVE;
				CLANG_CXX_LANGUAGE_STANDARD = "gnu++14";
				CLANG_CXX_LIBRARY = "libc++";
				CLANG_ENABLE_MODULES = YES;
				CLANG_ENABLE_OBJC_ARC = YES;
				CLANG_ENABLE_OBJC_WEAK = YES;
				CLANG_WARN_BLOCK_CAPTURE_AUTORELEASING = YES;
				CLANG_WARN_BOOL_CONVERSION = YES;
				CLANG_WARN_COMMA = YES;
				CLANG_WARN_CONSTANT_CONVERSION = YES;
				CLANG_WARN_DEPRECATED_OBJC_IMPLEMENTATIONS = YES;
				CLANG_WARN_DIRECT_OBJC_ISA_USAGE = YES_ERROR;
				CLANG_WARN_DOCUMENTATION_COMMENTS = YES;
				CLANG_WARN_EMPTY_BODY = YES;
				CLANG_WARN_ENUM_CONVERSION = YES;
				CLANG_WARN_INFINITE_RECURSION = YES;
				CLANG_WARN_INT_CONVERSION = YES;
				CLANG_WARN_NON_LITERAL_NULL_CONVERSION = YES;
				CLANG_WARN_OBJC_IMPLICIT_RETAIN_SELF = YES;
				CLANG_WARN_OBJC_LITERAL_CONVERSION = YES;
				CLANG_WARN_OBJC_ROOT_CLASS = YES_ERROR;
				CLANG_WARN_RANGE_LOOP_ANALYSIS = YES;
				CLANG_WARN_STRICT_PROTOTYPES = YES;
				CLANG_WARN_SUSPICIOUS_MOVE = YES;
				CLANG_WARN_UNGUARDED_AVAILABILITY = YES_AGGRESSIVE;
				CLANG_WARN_UNREACHABLE_CODE = YES;
				CLANG_WARN__DUPLICATE_METHOD_MATCH = YES;
				CODE_SIGN_IDENTITY = "iPhone Developer";
				COPY_PHASE_STRIP = NO;
				CURRENT_PROJECT_VERSION = 1;
				DEBUG_INFORMATION_FORMAT = dwarf;
				ENABLE_STRICT_OBJC_MSGSEND = YES;
				ENABLE_TESTABILITY = YES;
				GCC_C_LANGUAGE_STANDARD = gnu11;
				GCC_DYNAMIC_NO_PIC = NO;
				GCC_NO_COMMON_BLOCKS = YES;
				GCC_OPTIMIZATION_LEVEL = 0;
				GCC_PREPROCESSOR_DEFINITIONS = (
					"DEBUG=1",
					"$(inherited)",
				);
				GCC_WARN_64_TO_32_BIT_CONVERSION = YES;
				GCC_WARN_ABOUT_RETURN_TYPE = YES_ERROR;
				GCC_WARN_UNDECLARED_SELECTOR = YES;
				GCC_WARN_UNINITIALIZED_AUTOS = YES_AGGRESSIVE;
				GCC_WARN_UNUSED_FUNCTION = YES;
				GCC_WARN_UNUSED_VARIABLE = YES;
				IPHONEOS_DEPLOYMENT_TARGET = 12.1;
				MTL_ENABLE_DEBUG_INFO = INCLUDE_SOURCE;
				MTL_FAST_MATH = YES;
				ONLY_ACTIVE_ARCH = YES;
				SDKROOT = iphoneos;
				VERSIONING_SYSTEM = "apple-generic";
				VERSION_INFO_PREFIX = "";
			};
			name = Debug;
		};
		918EFD46220ED4E90087435B /* Release */ = {
			isa = XCBuildConfiguration;
			buildSettings = {
				ALWAYS_SEARCH_USER_PATHS = NO;
				CLANG_ANALYZER_NONNULL = YES;
				CLANG_ANALYZER_NUMBER_OBJECT_CONVERSION = YES_AGGRESSIVE;
				CLANG_CXX_LANGUAGE_STANDARD = "gnu++14";
				CLANG_CXX_LIBRARY = "libc++";
				CLANG_ENABLE_MODULES = YES;
				CLANG_ENABLE_OBJC_ARC = YES;
				CLANG_ENABLE_OBJC_WEAK = YES;
				CLANG_WARN_BLOCK_CAPTURE_AUTORELEASING = YES;
				CLANG_WARN_BOOL_CONVERSION = YES;
				CLANG_WARN_COMMA = YES;
				CLANG_WARN_CONSTANT_CONVERSION = YES;
				CLANG_WARN_DEPRECATED_OBJC_IMPLEMENTATIONS = YES;
				CLANG_WARN_DIRECT_OBJC_ISA_USAGE = YES_ERROR;
				CLANG_WARN_DOCUMENTATION_COMMENTS = YES;
				CLANG_WARN_EMPTY_BODY = YES;
				CLANG_WARN_ENUM_CONVERSION = YES;
				CLANG_WARN_INFINITE_RECURSION = YES;
				CLANG_WARN_INT_CONVERSION = YES;
				CLANG_WARN_NON_LITERAL_NULL_CONVERSION = YES;
				CLANG_WARN_OBJC_IMPLICIT_RETAIN_SELF = YES;
				CLANG_WARN_OBJC_LITERAL_CONVERSION = YES;
				CLANG_WARN_OBJC_ROOT_CLASS = YES_ERROR;
				CLANG_WARN_RANGE_LOOP_ANALYSIS = YES;
				CLANG_WARN_STRICT_PROTOTYPES = YES;
				CLANG_WARN_SUSPICIOUS_MOVE = YES;
				CLANG_WARN_UNGUARDED_AVAILABILITY = YES_AGGRESSIVE;
				CLANG_WARN_UNREACHABLE_CODE = YES;
				CLANG_WARN__DUPLICATE_METHOD_MATCH = YES;
				CODE_SIGN_IDENTITY = "iPhone Developer";
				COPY_PHASE_STRIP = NO;
				CURRENT_PROJECT_VERSION = 1;
				DEBUG_INFORMATION_FORMAT = "dwarf-with-dsym";
				ENABLE_NS_ASSERTIONS = NO;
				ENABLE_STRICT_OBJC_MSGSEND = YES;
				GCC_C_LANGUAGE_STANDARD = gnu11;
				GCC_NO_COMMON_BLOCKS = YES;
				GCC_WARN_64_TO_32_BIT_CONVERSION = YES;
				GCC_WARN_ABOUT_RETURN_TYPE = YES_ERROR;
				GCC_WARN_UNDECLARED_SELECTOR = YES;
				GCC_WARN_UNINITIALIZED_AUTOS = YES_AGGRESSIVE;
				GCC_WARN_UNUSED_FUNCTION = YES;
				GCC_WARN_UNUSED_VARIABLE = YES;
				IPHONEOS_DEPLOYMENT_TARGET = 12.1;
				MTL_ENABLE_DEBUG_INFO = NO;
				MTL_FAST_MATH = YES;
				SDKROOT = iphoneos;
				VALIDATE_PRODUCT = YES;
				VERSIONING_SYSTEM = "apple-generic";
				VERSION_INFO_PREFIX = "";
			};
			name = Release;
		};
		918EFD48220ED4E90087435B /* Debug */ = {
			isa = XCBuildConfiguration;
			buildSettings = {
				CODE_SIGN_IDENTITY = "";
				CODE_SIGN_STYLE = Automatic;
				DEFINES_MODULE = YES;
				DEVELOPMENT_TEAM = LGB73V7GYR;
				DYLIB_COMPATIBILITY_VERSION = 1;
				DYLIB_CURRENT_VERSION = 1;
				DYLIB_INSTALL_NAME_BASE = "@rpath";
				INFOPLIST_FILE = Info.plist;
				INSTALL_PATH = "$(LOCAL_LIBRARY_DIR)/Frameworks";
				LD_RUNPATH_SEARCH_PATHS = (
					"$(inherited)",
					"@executable_path/Frameworks",
					"@loader_path/Frameworks",
				);
				PRODUCT_BUNDLE_IDENTIFIER = com.sibche.SBStoreKit;
				PRODUCT_NAME = "$(TARGET_NAME:c99extidentifier)";
				SKIP_INSTALL = YES;
				TARGETED_DEVICE_FAMILY = "1,2";
			};
			name = Debug;
		};
		918EFD49220ED4E90087435B /* Release */ = {
			isa = XCBuildConfiguration;
			buildSettings = {
				CODE_SIGN_IDENTITY = "";
				CODE_SIGN_STYLE = Automatic;
				DEFINES_MODULE = YES;
				DEVELOPMENT_TEAM = LGB73V7GYR;
				DYLIB_COMPATIBILITY_VERSION = 1;
				DYLIB_CURRENT_VERSION = 1;
				DYLIB_INSTALL_NAME_BASE = "@rpath";
				INFOPLIST_FILE = Info.plist;
				INSTALL_PATH = "$(LOCAL_LIBRARY_DIR)/Frameworks";
				LD_RUNPATH_SEARCH_PATHS = (
					"$(inherited)",
					"@executable_path/Frameworks",
					"@loader_path/Frameworks",
				);
				PRODUCT_BUNDLE_IDENTIFIER = com.sibche.SBStoreKit;
				PRODUCT_NAME = "$(TARGET_NAME:c99extidentifier)";
				SKIP_INSTALL = YES;
				TARGETED_DEVICE_FAMILY = "1,2";
			};
			name = Release;
		};
/* End XCBuildConfiguration section */

/* Begin XCConfigurationList section */
		916F239C22672DF80078E83C /* Build configuration list for PBXAggregateTarget "SBStoreKit Library" */ = {
			isa = XCConfigurationList;
			buildConfigurations = (
				916F239D22672DF80078E83C /* Debug */,
				916F239E22672DF80078E83C /* Release */,
			);
			defaultConfigurationIsVisible = 0;
			defaultConfigurationName = Release;
		};
		918EFD39220ED4E90087435B /* Build configuration list for PBXProject "SBStoreKit" */ = {
			isa = XCConfigurationList;
			buildConfigurations = (
				918EFD45220ED4E90087435B /* Debug */,
				918EFD46220ED4E90087435B /* Release */,
			);
			defaultConfigurationIsVisible = 0;
			defaultConfigurationName = Release;
		};
		918EFD47220ED4E90087435B /* Build configuration list for PBXNativeTarget "SBStoreKit" */ = {
			isa = XCConfigurationList;
			buildConfigurations = (
				918EFD48220ED4E90087435B /* Debug */,
				918EFD49220ED4E90087435B /* Release */,
			);
			defaultConfigurationIsVisible = 0;
			defaultConfigurationName = Release;
		};
/* End XCConfigurationList section */
	};
	rootObject = 918EFD36220ED4E90087435B /* Project object */;
}
